// !$*UTF8*$!
{
	archiveVersion = 1;
	classes = {
	};
	objectVersion = 56;
	objects = {

/* Begin PBXBuildFile section */
		160923CB2A1E8B93004C0581 /* ProductoCollectionCell.swift in Sources */ = {isa = PBXBuildFile; fileRef = 160923C92A1E8B93004C0581 /* ProductoCollectionCell.swift */; };
		160923CC2A1E8B93004C0581 /* ProductoCollectionCell.xib in Resources */ = {isa = PBXBuildFile; fileRef = 160923CA2A1E8B93004C0581 /* ProductoCollectionCell.xib */; };
		1639B2BE29FC28EC004A6C59 /* AppDelegate.swift in Sources */ = {isa = PBXBuildFile; fileRef = 1639B2BD29FC28EC004A6C59 /* AppDelegate.swift */; };
		1639B2C029FC28EC004A6C59 /* SceneDelegate.swift in Sources */ = {isa = PBXBuildFile; fileRef = 1639B2BF29FC28EC004A6C59 /* SceneDelegate.swift */; };
		1639B2C229FC28EC004A6C59 /* ViewController.swift in Sources */ = {isa = PBXBuildFile; fileRef = 1639B2C129FC28EC004A6C59 /* ViewController.swift */; };
		1639B2C529FC28EC004A6C59 /* Main.storyboard in Resources */ = {isa = PBXBuildFile; fileRef = 1639B2C329FC28EC004A6C59 /* Main.storyboard */; };
		1639B2C729FC28F0004A6C59 /* Assets.xcassets in Resources */ = {isa = PBXBuildFile; fileRef = 1639B2C629FC28F0004A6C59 /* Assets.xcassets */; };
		1639B2CA29FC28F0004A6C59 /* LaunchScreen.storyboard in Resources */ = {isa = PBXBuildFile; fileRef = 1639B2C829FC28F0004A6C59 /* LaunchScreen.storyboard */; };
		163E2B012A2525B2001A0B39 /* JarroyoEcomerce.xcdatamodeld in Sources */ = {isa = PBXBuildFile; fileRef = 16C29E682A215FCE000F85F7 /* JarroyoEcomerce.xcdatamodeld */; };
		165794E22A0BF80900D2FB17 /* RolCell.swift in Sources */ = {isa = PBXBuildFile; fileRef = 165794E02A0BF80900D2FB17 /* RolCell.swift */; };
		165794E32A0BF80900D2FB17 /* RolCell.xib in Resources */ = {isa = PBXBuildFile; fileRef = 165794E12A0BF80900D2FB17 /* RolCell.xib */; };
		165794E72A0C115800D2FB17 /* GetAllRolController.swift in Sources */ = {isa = PBXBuildFile; fileRef = 165794E62A0C115800D2FB17 /* GetAllRolController.swift */; };
		165D53662A043A0E00F945C3 /* UsuarioViewModel.swift in Sources */ = {isa = PBXBuildFile; fileRef = 165D53652A043A0E00F945C3 /* UsuarioViewModel.swift */; };
		168625012A0AFF3D00B2F175 /* Rol.swift in Sources */ = {isa = PBXBuildFile; fileRef = 168625002A0AFF3D00B2F175 /* Rol.swift */; };
		168625032A0B002A00B2F175 /* RolViewModel.swift in Sources */ = {isa = PBXBuildFile; fileRef = 168625022A0B002A00B2F175 /* RolViewModel.swift */; };
		168625082A0B15CE00B2F175 /* FormController.swift in Sources */ = {isa = PBXBuildFile; fileRef = 168625062A0B15CE00B2F175 /* FormController.swift */; };
		16888A1D2A01D965008E7157 /* Result.swift in Sources */ = {isa = PBXBuildFile; fileRef = 16888A1C2A01D965008E7157 /* Result.swift */; };
		168E19972A0DBF4600B6DFA8 /* iOSDropDown.framework in Frameworks */ = {isa = PBXBuildFile; fileRef = 168E19962A0DBF4600B6DFA8 /* iOSDropDown.framework */; };
		1698B91D2A1D1E9200AE81CB /* AreaViewModel.swift in Sources */ = {isa = PBXBuildFile; fileRef = 1698B91C2A1D1E9200AE81CB /* AreaViewModel.swift */; };
		1698B91F2A1D1EAD00AE81CB /* DepartamentoViewModel.swift in Sources */ = {isa = PBXBuildFile; fileRef = 1698B91E2A1D1EAD00AE81CB /* DepartamentoViewModel.swift */; };
		1698B9212A1D1EC700AE81CB /* ProveedorViewModel.swift in Sources */ = {isa = PBXBuildFile; fileRef = 1698B9202A1D1EC700AE81CB /* ProveedorViewModel.swift */; };
		16A21DA829FC579400E05126 /* DBManager.swift in Sources */ = {isa = PBXBuildFile; fileRef = 16A21DA729FC579300E05126 /* DBManager.swift */; };
		16A21DAA29FC57BA00E05126 /* Usuario.swift in Sources */ = {isa = PBXBuildFile; fileRef = 16A21DA929FC57BA00E05126 /* Usuario.swift */; };
		16A717082A18284900336E4C /* FirebaseAuth in Frameworks */ = {isa = PBXBuildFile; productRef = 16A717072A18284900336E4C /* FirebaseAuth */; };
		16A7170A2A18284900336E4C /* FirebaseCrashlytics in Frameworks */ = {isa = PBXBuildFile; productRef = 16A717092A18284900336E4C /* FirebaseCrashlytics */; };
		16A7170C2A18284900336E4C /* FirebaseStorage in Frameworks */ = {isa = PBXBuildFile; productRef = 16A7170B2A18284900336E4C /* FirebaseStorage */; };
		16A7170E2A1829DA00336E4C /* GoogleService-Info.plist in Resources */ = {isa = PBXBuildFile; fileRef = 16A7170D2A1829DA00336E4C /* GoogleService-Info.plist */; };
		16A717102A1831C200336E4C /* imgfondo copy.jpeg in Resources */ = {isa = PBXBuildFile; fileRef = 16A7170F2A1831C200336E4C /* imgfondo copy.jpeg */; };
		16A717162A18367900336E4C /* user.png in Resources */ = {isa = PBXBuildFile; fileRef = 16A717152A18367900336E4C /* user.png */; };
		16AB42E12A1D4E0C008E3746 /* AreaController.swift in Sources */ = {isa = PBXBuildFile; fileRef = 16AB42E02A1D4E0C008E3746 /* AreaController.swift */; };
		16AB42E62A1D8A9F008E3746 /* AreaCell.swift in Sources */ = {isa = PBXBuildFile; fileRef = 16AB42E42A1D8A9F008E3746 /* AreaCell.swift */; };
		16AB42E72A1D8A9F008E3746 /* AreaCell.xib in Resources */ = {isa = PBXBuildFile; fileRef = 16AB42E52A1D8A9F008E3746 /* AreaCell.xib */; };
		16AB42EA2A1D9267008E3746 /* DepartamentoCell.swift in Sources */ = {isa = PBXBuildFile; fileRef = 16AB42E82A1D9267008E3746 /* DepartamentoCell.swift */; };
		16AB42EB2A1D9267008E3746 /* DepartamentoCell.xib in Resources */ = {isa = PBXBuildFile; fileRef = 16AB42E92A1D9267008E3746 /* DepartamentoCell.xib */; };
		16AB42ED2A1D95C2008E3746 /* DepartamentoController.swift in Sources */ = {isa = PBXBuildFile; fileRef = 16AB42EC2A1D95C2008E3746 /* DepartamentoController.swift */; };
		16B0C9EB2A216C8900C2BFC0 /* CarritoController.swift in Sources */ = {isa = PBXBuildFile; fileRef = 16B0C9EA2A216C8900C2BFC0 /* CarritoController.swift */; };
		16B0C9EE2A216D2B00C2BFC0 /* CarritoCell.swift in Sources */ = {isa = PBXBuildFile; fileRef = 16B0C9EC2A216D2B00C2BFC0 /* CarritoCell.swift */; };
		16B0C9EF2A216D2B00C2BFC0 /* CarritoCell.xib in Resources */ = {isa = PBXBuildFile; fileRef = 16B0C9ED2A216D2B00C2BFC0 /* CarritoCell.xib */; };
		16B0C9F22A2178B600C2BFC0 /* ProductoController.swift in Sources */ = {isa = PBXBuildFile; fileRef = 16B0C9F12A2178B600C2BFC0 /* ProductoController.swift */; };
		16B0C9F52A218B4C00C2BFC0 /* VentaProducto.swift in Sources */ = {isa = PBXBuildFile; fileRef = 16B0C9F42A218B4C00C2BFC0 /* VentaProducto.swift */; };
		16B400212A1BFAC30056512D /* LoginController.swift in Sources */ = {isa = PBXBuildFile; fileRef = 16B400202A1BFAC30056512D /* LoginController.swift */; };
		16B8A4602A1455CA0000E186 /* FormProductoController.swift in Sources */ = {isa = PBXBuildFile; fileRef = 16B8A45F2A1455CA0000E186 /* FormProductoController.swift */; };
		16B8A4622A1455F50000E186 /* GetAllProductoController.swift in Sources */ = {isa = PBXBuildFile; fileRef = 16B8A4612A1455F50000E186 /* GetAllProductoController.swift */; };
		16B8A4642A1458480000E186 /* ProductoViewModel.swift in Sources */ = {isa = PBXBuildFile; fileRef = 16B8A4632A1458480000E186 /* ProductoViewModel.swift */; };
		16BC97172A20095900EFCF17 /* AppDelegate.swift in Sources */ = {isa = PBXBuildFile; fileRef = 16BC97162A20095900EFCF17 /* AppDelegate.swift */; };
		16BC97192A20095900EFCF17 /* SceneDelegate.swift in Sources */ = {isa = PBXBuildFile; fileRef = 16BC97182A20095900EFCF17 /* SceneDelegate.swift */; };
		16BC971B2A20095900EFCF17 /* ViewController.swift in Sources */ = {isa = PBXBuildFile; fileRef = 16BC971A2A20095900EFCF17 /* ViewController.swift */; };
		16BC971E2A20095900EFCF17 /* Main.storyboard in Resources */ = {isa = PBXBuildFile; fileRef = 16BC971C2A20095900EFCF17 /* Main.storyboard */; };
		16BC97202A20095F00EFCF17 /* Assets.xcassets in Resources */ = {isa = PBXBuildFile; fileRef = 16BC971F2A20095F00EFCF17 /* Assets.xcassets */; };
		16BC97232A20095F00EFCF17 /* LaunchScreen.storyboard in Resources */ = {isa = PBXBuildFile; fileRef = 16BC97212A20095F00EFCF17 /* LaunchScreen.storyboard */; };
		16BC97462A201C6100EFCF17 /* AreaCell.swift in Sources */ = {isa = PBXBuildFile; fileRef = 16BC97442A201C6100EFCF17 /* AreaCell.swift */; };
		16BC97472A201C6100EFCF17 /* AreaCell.xib in Resources */ = {isa = PBXBuildFile; fileRef = 16BC97452A201C6100EFCF17 /* AreaCell.xib */; };
		16BC974A2A201DA800EFCF17 /* DepartamentoCell.swift in Sources */ = {isa = PBXBuildFile; fileRef = 16BC97482A201DA800EFCF17 /* DepartamentoCell.swift */; };
		16BC974B2A201DA800EFCF17 /* DepartamentoCell.xib in Resources */ = {isa = PBXBuildFile; fileRef = 16BC97492A201DA800EFCF17 /* DepartamentoCell.xib */; };
		16BC974E2A201DE600EFCF17 /* ProductoCollectionCell.swift in Sources */ = {isa = PBXBuildFile; fileRef = 16BC974C2A201DE600EFCF17 /* ProductoCollectionCell.swift */; };
		16BC974F2A201DE600EFCF17 /* ProductoCollectionCell.xib in Resources */ = {isa = PBXBuildFile; fileRef = 16BC974D2A201DE600EFCF17 /* ProductoCollectionCell.xib */; };
		16BC97682A2035FC00EFCF17 /* DBManager.swift in Sources */ = {isa = PBXBuildFile; fileRef = 16A21DA729FC579300E05126 /* DBManager.swift */; };
		16BC976D2A20365500EFCF17 /* ProductoViewModel.swift in Sources */ = {isa = PBXBuildFile; fileRef = 16B8A4632A1458480000E186 /* ProductoViewModel.swift */; };
		16BC976E2A20365F00EFCF17 /* AreaViewModel.swift in Sources */ = {isa = PBXBuildFile; fileRef = 1698B91C2A1D1E9200AE81CB /* AreaViewModel.swift */; };
		16BC976F2A20366900EFCF17 /* DepartamentoViewModel.swift in Sources */ = {isa = PBXBuildFile; fileRef = 1698B91E2A1D1EAD00AE81CB /* DepartamentoViewModel.swift */; };
		16BC97702A20367200EFCF17 /* ProveedorViewModel.swift in Sources */ = {isa = PBXBuildFile; fileRef = 1698B9202A1D1EC700AE81CB /* ProveedorViewModel.swift */; };
		16BC97712A2039B300EFCF17 /* Result.swift in Sources */ = {isa = PBXBuildFile; fileRef = 16888A1C2A01D965008E7157 /* Result.swift */; };
		16BC97722A2039BE00EFCF17 /* Area.swift in Sources */ = {isa = PBXBuildFile; fileRef = 16E9FB6A2A14383A00C2F732 /* Area.swift */; };
		16BC97732A2039C900EFCF17 /* Departamento.swift in Sources */ = {isa = PBXBuildFile; fileRef = 16E9FB6C2A14388300C2F732 /* Departamento.swift */; };
		16BC97742A2039D500EFCF17 /* Proveedor.swift in Sources */ = {isa = PBXBuildFile; fileRef = 16E9FB6E2A1438F300C2F732 /* Proveedor.swift */; };
		16BC97752A2039DF00EFCF17 /* Producto.swift in Sources */ = {isa = PBXBuildFile; fileRef = 16E9FB702A14392B00C2F732 /* Producto.swift */; };
		16BC97762A203DD300EFCF17 /* AreaController.swift in Sources */ = {isa = PBXBuildFile; fileRef = 16AB42E02A1D4E0C008E3746 /* AreaController.swift */; };
		16BC97772A203DD900EFCF17 /* DepartamentoController.swift in Sources */ = {isa = PBXBuildFile; fileRef = 16AB42EC2A1D95C2008E3746 /* DepartamentoController.swift */; };
		16C29E6C2A216082000F85F7 /* CarritoViewModel.swift in Sources */ = {isa = PBXBuildFile; fileRef = 16C29E6B2A216082000F85F7 /* CarritoViewModel.swift */; };
		16C29E722A21646B000F85F7 /* GoogleService-Info.plist in Sources */ = {isa = PBXBuildFile; fileRef = 16A7170D2A1829DA00336E4C /* GoogleService-Info.plist */; };
		16C50E322A26896D00F50707 /* JarroyoEcomerceVentaTests.swift in Sources */ = {isa = PBXBuildFile; fileRef = 16C50E312A26896D00F50707 /* JarroyoEcomerceVentaTests.swift */; };
		16C50E3F2A26CCA200F50707 /* JarroyoEcomerceVentaUITests.swift in Sources */ = {isa = PBXBuildFile; fileRef = 16C50E3E2A26CCA200F50707 /* JarroyoEcomerceVentaUITests.swift */; };
		16C50E412A26CCA200F50707 /* JarroyoEcomerceVentaUITestsLaunchTests.swift in Sources */ = {isa = PBXBuildFile; fileRef = 16C50E402A26CCA200F50707 /* JarroyoEcomerceVentaUITestsLaunchTests.swift */; };
		16CB8BE12A1C1D4B000C31E7 /* RegistrpController.swift in Sources */ = {isa = PBXBuildFile; fileRef = 16CB8BE02A1C1D4B000C31E7 /* RegistrpController.swift */; };
		16D395632A02E7AE00C5E6C7 /* GetAllUsuarioController.swift in Sources */ = {isa = PBXBuildFile; fileRef = 16D395622A02E7AE00C5E6C7 /* GetAllUsuarioController.swift */; };
		16D3956A2A02EC7000C5E6C7 /* UsuarioCell.swift in Sources */ = {isa = PBXBuildFile; fileRef = 16D395682A02EC7000C5E6C7 /* UsuarioCell.swift */; };
		16D3956B2A02EC7000C5E6C7 /* UsuarioCell.xib in Resources */ = {isa = PBXBuildFile; fileRef = 16D395692A02EC7000C5E6C7 /* UsuarioCell.xib */; };
		16E9FB6B2A14383A00C2F732 /* Area.swift in Sources */ = {isa = PBXBuildFile; fileRef = 16E9FB6A2A14383A00C2F732 /* Area.swift */; };
		16E9FB6D2A14388300C2F732 /* Departamento.swift in Sources */ = {isa = PBXBuildFile; fileRef = 16E9FB6C2A14388300C2F732 /* Departamento.swift */; };
		16E9FB6F2A1438F300C2F732 /* Proveedor.swift in Sources */ = {isa = PBXBuildFile; fileRef = 16E9FB6E2A1438F300C2F732 /* Proveedor.swift */; };
		16E9FB712A14392B00C2F732 /* Producto.swift in Sources */ = {isa = PBXBuildFile; fileRef = 16E9FB702A14392B00C2F732 /* Producto.swift */; };
		16E9FB742A143A9100C2F732 /* ProductoCell.swift in Sources */ = {isa = PBXBuildFile; fileRef = 16E9FB722A143A9100C2F732 /* ProductoCell.swift */; };
		16E9FB752A143A9100C2F732 /* ProductoCell.xib in Resources */ = {isa = PBXBuildFile; fileRef = 16E9FB732A143A9100C2F732 /* ProductoCell.xib */; };
		4EEB47BA2F3E54BF80D582BA /* Pods_JarroyoEcomerce.framework in Frameworks */ = {isa = PBXBuildFile; fileRef = 6AD49DAB106521AD28D70B33 /* Pods_JarroyoEcomerce.framework */; };
		7DA1E78A386C7397B30220F6 /* Pods_JarroyoEcomerceVenta.framework in Frameworks */ = {isa = PBXBuildFile; fileRef = 3D3D6C658E56C218C8FBD03A /* Pods_JarroyoEcomerceVenta.framework */; };
/* End PBXBuildFile section */

/* Begin PBXContainerItemProxy section */
		16C50E332A26896D00F50707 /* PBXContainerItemProxy */ = {
			isa = PBXContainerItemProxy;
			containerPortal = 1639B2B229FC28EC004A6C59 /* Project object */;
			proxyType = 1;
			remoteGlobalIDString = 16BC97132A20095900EFCF17;
			remoteInfo = JarroyoEcomerceVenta;
		};
		16C50E422A26CCA200F50707 /* PBXContainerItemProxy */ = {
			isa = PBXContainerItemProxy;
			containerPortal = 1639B2B229FC28EC004A6C59 /* Project object */;
			proxyType = 1;
			remoteGlobalIDString = 16BC97132A20095900EFCF17;
			remoteInfo = JarroyoEcomerceVenta;
		};
/* End PBXContainerItemProxy section */

/* Begin PBXFileReference section */
		160923C92A1E8B93004C0581 /* ProductoCollectionCell.swift */ = {isa = PBXFileReference; lastKnownFileType = sourcecode.swift; path = ProductoCollectionCell.swift; sourceTree = "<group>"; };
		160923CA2A1E8B93004C0581 /* ProductoCollectionCell.xib */ = {isa = PBXFileReference; lastKnownFileType = file.xib; path = ProductoCollectionCell.xib; sourceTree = "<group>"; };
		1639B2BA29FC28EC004A6C59 /* JarroyoEcomerce.app */ = {isa = PBXFileReference; explicitFileType = wrapper.application; includeInIndex = 0; path = JarroyoEcomerce.app; sourceTree = BUILT_PRODUCTS_DIR; };
		1639B2BD29FC28EC004A6C59 /* AppDelegate.swift */ = {isa = PBXFileReference; lastKnownFileType = sourcecode.swift; path = AppDelegate.swift; sourceTree = "<group>"; };
		1639B2BF29FC28EC004A6C59 /* SceneDelegate.swift */ = {isa = PBXFileReference; lastKnownFileType = sourcecode.swift; path = SceneDelegate.swift; sourceTree = "<group>"; };
		1639B2C129FC28EC004A6C59 /* ViewController.swift */ = {isa = PBXFileReference; lastKnownFileType = sourcecode.swift; path = ViewController.swift; sourceTree = "<group>"; };
		1639B2C429FC28EC004A6C59 /* Base */ = {isa = PBXFileReference; lastKnownFileType = file.storyboard; name = Base; path = Base.lproj/Main.storyboard; sourceTree = "<group>"; };
		1639B2C629FC28F0004A6C59 /* Assets.xcassets */ = {isa = PBXFileReference; lastKnownFileType = folder.assetcatalog; path = Assets.xcassets; sourceTree = "<group>"; };
		1639B2C929FC28F0004A6C59 /* Base */ = {isa = PBXFileReference; lastKnownFileType = file.storyboard; name = Base; path = Base.lproj/LaunchScreen.storyboard; sourceTree = "<group>"; };
		1639B2CB29FC28F0004A6C59 /* Info.plist */ = {isa = PBXFileReference; lastKnownFileType = text.plist.xml; path = Info.plist; sourceTree = "<group>"; };
		165794E02A0BF80900D2FB17 /* RolCell.swift */ = {isa = PBXFileReference; lastKnownFileType = sourcecode.swift; path = RolCell.swift; sourceTree = "<group>"; };
		165794E12A0BF80900D2FB17 /* RolCell.xib */ = {isa = PBXFileReference; lastKnownFileType = file.xib; path = RolCell.xib; sourceTree = "<group>"; };
		165794E62A0C115800D2FB17 /* GetAllRolController.swift */ = {isa = PBXFileReference; lastKnownFileType = sourcecode.swift; path = GetAllRolController.swift; sourceTree = "<group>"; };
		165D53652A043A0E00F945C3 /* UsuarioViewModel.swift */ = {isa = PBXFileReference; lastKnownFileType = sourcecode.swift; path = UsuarioViewModel.swift; sourceTree = "<group>"; };
		168625002A0AFF3D00B2F175 /* Rol.swift */ = {isa = PBXFileReference; lastKnownFileType = sourcecode.swift; path = Rol.swift; sourceTree = "<group>"; };
		168625022A0B002A00B2F175 /* RolViewModel.swift */ = {isa = PBXFileReference; lastKnownFileType = sourcecode.swift; path = RolViewModel.swift; sourceTree = "<group>"; };
		168625062A0B15CE00B2F175 /* FormController.swift */ = {isa = PBXFileReference; lastKnownFileType = sourcecode.swift; path = FormController.swift; sourceTree = "<group>"; };
		16888A1C2A01D965008E7157 /* Result.swift */ = {isa = PBXFileReference; lastKnownFileType = sourcecode.swift; path = Result.swift; sourceTree = "<group>"; };
		168E19962A0DBF4600B6DFA8 /* iOSDropDown.framework */ = {isa = PBXFileReference; explicitFileType = wrapper.framework; path = iOSDropDown.framework; sourceTree = BUILT_PRODUCTS_DIR; };
		1698B91C2A1D1E9200AE81CB /* AreaViewModel.swift */ = {isa = PBXFileReference; lastKnownFileType = sourcecode.swift; path = AreaViewModel.swift; sourceTree = "<group>"; };
		1698B91E2A1D1EAD00AE81CB /* DepartamentoViewModel.swift */ = {isa = PBXFileReference; lastKnownFileType = sourcecode.swift; path = DepartamentoViewModel.swift; sourceTree = "<group>"; };
		1698B9202A1D1EC700AE81CB /* ProveedorViewModel.swift */ = {isa = PBXFileReference; lastKnownFileType = sourcecode.swift; path = ProveedorViewModel.swift; sourceTree = "<group>"; };
		16A21DA729FC579300E05126 /* DBManager.swift */ = {isa = PBXFileReference; lastKnownFileType = sourcecode.swift; path = DBManager.swift; sourceTree = "<group>"; };
		16A21DA929FC57BA00E05126 /* Usuario.swift */ = {isa = PBXFileReference; lastKnownFileType = sourcecode.swift; path = Usuario.swift; sourceTree = "<group>"; };
		16A7170D2A1829DA00336E4C /* GoogleService-Info.plist */ = {isa = PBXFileReference; fileEncoding = 4; lastKnownFileType = text.plist.xml; path = "GoogleService-Info.plist"; sourceTree = "<group>"; };
		16A7170F2A1831C200336E4C /* imgfondo copy.jpeg */ = {isa = PBXFileReference; lastKnownFileType = image.jpeg; path = "imgfondo copy.jpeg"; sourceTree = "<group>"; };
		16A717152A18367900336E4C /* user.png */ = {isa = PBXFileReference; lastKnownFileType = image.png; path = user.png; sourceTree = "<group>"; };
		16AB42E02A1D4E0C008E3746 /* AreaController.swift */ = {isa = PBXFileReference; lastKnownFileType = sourcecode.swift; path = AreaController.swift; sourceTree = "<group>"; };
		16AB42E42A1D8A9F008E3746 /* AreaCell.swift */ = {isa = PBXFileReference; lastKnownFileType = sourcecode.swift; path = AreaCell.swift; sourceTree = "<group>"; };
		16AB42E52A1D8A9F008E3746 /* AreaCell.xib */ = {isa = PBXFileReference; lastKnownFileType = file.xib; path = AreaCell.xib; sourceTree = "<group>"; };
		16AB42E82A1D9267008E3746 /* DepartamentoCell.swift */ = {isa = PBXFileReference; lastKnownFileType = sourcecode.swift; path = DepartamentoCell.swift; sourceTree = "<group>"; };
		16AB42E92A1D9267008E3746 /* DepartamentoCell.xib */ = {isa = PBXFileReference; lastKnownFileType = file.xib; path = DepartamentoCell.xib; sourceTree = "<group>"; };
		16AB42EC2A1D95C2008E3746 /* DepartamentoController.swift */ = {isa = PBXFileReference; lastKnownFileType = sourcecode.swift; path = DepartamentoController.swift; sourceTree = "<group>"; };
		16B0C9EA2A216C8900C2BFC0 /* CarritoController.swift */ = {isa = PBXFileReference; lastKnownFileType = sourcecode.swift; path = CarritoController.swift; sourceTree = "<group>"; };
		16B0C9EC2A216D2B00C2BFC0 /* CarritoCell.swift */ = {isa = PBXFileReference; lastKnownFileType = sourcecode.swift; path = CarritoCell.swift; sourceTree = "<group>"; };
		16B0C9ED2A216D2B00C2BFC0 /* CarritoCell.xib */ = {isa = PBXFileReference; lastKnownFileType = file.xib; path = CarritoCell.xib; sourceTree = "<group>"; };
		16B0C9F12A2178B600C2BFC0 /* ProductoController.swift */ = {isa = PBXFileReference; lastKnownFileType = sourcecode.swift; path = ProductoController.swift; sourceTree = "<group>"; };
		16B0C9F42A218B4C00C2BFC0 /* VentaProducto.swift */ = {isa = PBXFileReference; lastKnownFileType = sourcecode.swift; path = VentaProducto.swift; sourceTree = "<group>"; };
		16B400202A1BFAC30056512D /* LoginController.swift */ = {isa = PBXFileReference; lastKnownFileType = sourcecode.swift; path = LoginController.swift; sourceTree = "<group>"; };
		16B8A45F2A1455CA0000E186 /* FormProductoController.swift */ = {isa = PBXFileReference; lastKnownFileType = sourcecode.swift; path = FormProductoController.swift; sourceTree = "<group>"; };
		16B8A4612A1455F50000E186 /* GetAllProductoController.swift */ = {isa = PBXFileReference; lastKnownFileType = sourcecode.swift; path = GetAllProductoController.swift; sourceTree = "<group>"; };
		16B8A4632A1458480000E186 /* ProductoViewModel.swift */ = {isa = PBXFileReference; lastKnownFileType = sourcecode.swift; path = ProductoViewModel.swift; sourceTree = "<group>"; };
		16BC97142A20095900EFCF17 /* JarroyoEcomerceVenta.app */ = {isa = PBXFileReference; explicitFileType = wrapper.application; includeInIndex = 0; path = JarroyoEcomerceVenta.app; sourceTree = BUILT_PRODUCTS_DIR; };
		16BC97162A20095900EFCF17 /* AppDelegate.swift */ = {isa = PBXFileReference; lastKnownFileType = sourcecode.swift; path = AppDelegate.swift; sourceTree = "<group>"; };
		16BC97182A20095900EFCF17 /* SceneDelegate.swift */ = {isa = PBXFileReference; lastKnownFileType = sourcecode.swift; path = SceneDelegate.swift; sourceTree = "<group>"; };
		16BC971A2A20095900EFCF17 /* ViewController.swift */ = {isa = PBXFileReference; lastKnownFileType = sourcecode.swift; path = ViewController.swift; sourceTree = "<group>"; };
		16BC971D2A20095900EFCF17 /* Base */ = {isa = PBXFileReference; lastKnownFileType = file.storyboard; name = Base; path = Base.lproj/Main.storyboard; sourceTree = "<group>"; };
		16BC971F2A20095F00EFCF17 /* Assets.xcassets */ = {isa = PBXFileReference; lastKnownFileType = folder.assetcatalog; path = Assets.xcassets; sourceTree = "<group>"; };
		16BC97222A20095F00EFCF17 /* Base */ = {isa = PBXFileReference; lastKnownFileType = file.storyboard; name = Base; path = Base.lproj/LaunchScreen.storyboard; sourceTree = "<group>"; };
		16BC97242A20095F00EFCF17 /* Info.plist */ = {isa = PBXFileReference; lastKnownFileType = text.plist.xml; path = Info.plist; sourceTree = "<group>"; };
		16BC97282A200B3500EFCF17 /* JarroyoEcomerce.entitlements */ = {isa = PBXFileReference; lastKnownFileType = text.plist.entitlements; path = JarroyoEcomerce.entitlements; sourceTree = "<group>"; };
		16BC97442A201C6100EFCF17 /* AreaCell.swift */ = {isa = PBXFileReference; lastKnownFileType = sourcecode.swift; path = AreaCell.swift; sourceTree = "<group>"; };
		16BC97452A201C6100EFCF17 /* AreaCell.xib */ = {isa = PBXFileReference; lastKnownFileType = file.xib; path = AreaCell.xib; sourceTree = "<group>"; };
		16BC97482A201DA800EFCF17 /* DepartamentoCell.swift */ = {isa = PBXFileReference; lastKnownFileType = sourcecode.swift; path = DepartamentoCell.swift; sourceTree = "<group>"; };
		16BC97492A201DA800EFCF17 /* DepartamentoCell.xib */ = {isa = PBXFileReference; lastKnownFileType = file.xib; path = DepartamentoCell.xib; sourceTree = "<group>"; };
		16BC974C2A201DE600EFCF17 /* ProductoCollectionCell.swift */ = {isa = PBXFileReference; lastKnownFileType = sourcecode.swift; path = ProductoCollectionCell.swift; sourceTree = "<group>"; };
		16BC974D2A201DE600EFCF17 /* ProductoCollectionCell.xib */ = {isa = PBXFileReference; lastKnownFileType = file.xib; path = ProductoCollectionCell.xib; sourceTree = "<group>"; };
		16BC97622A202D7300EFCF17 /* JarroyoEcomerceVenta.entitlements */ = {isa = PBXFileReference; lastKnownFileType = text.plist.entitlements; path = JarroyoEcomerceVenta.entitlements; sourceTree = "<group>"; };
		16C29E692A215FCE000F85F7 /* JarroyoEcomerce.xcdatamodel */ = {isa = PBXFileReference; lastKnownFileType = wrapper.xcdatamodel; path = JarroyoEcomerce.xcdatamodel; sourceTree = "<group>"; };
		16C29E6B2A216082000F85F7 /* CarritoViewModel.swift */ = {isa = PBXFileReference; lastKnownFileType = sourcecode.swift; path = CarritoViewModel.swift; sourceTree = "<group>"; };
		16C50E2F2A26896D00F50707 /* JarroyoEcomerceVentaTests.xctest */ = {isa = PBXFileReference; explicitFileType = wrapper.cfbundle; includeInIndex = 0; path = JarroyoEcomerceVentaTests.xctest; sourceTree = BUILT_PRODUCTS_DIR; };
		16C50E312A26896D00F50707 /* JarroyoEcomerceVentaTests.swift */ = {isa = PBXFileReference; lastKnownFileType = sourcecode.swift; path = JarroyoEcomerceVentaTests.swift; sourceTree = "<group>"; };
		16C50E3C2A26CCA200F50707 /* JarroyoEcomerceVentaUITests.xctest */ = {isa = PBXFileReference; explicitFileType = wrapper.cfbundle; includeInIndex = 0; path = JarroyoEcomerceVentaUITests.xctest; sourceTree = BUILT_PRODUCTS_DIR; };
		16C50E3E2A26CCA200F50707 /* JarroyoEcomerceVentaUITests.swift */ = {isa = PBXFileReference; lastKnownFileType = sourcecode.swift; path = JarroyoEcomerceVentaUITests.swift; sourceTree = "<group>"; };
		16C50E402A26CCA200F50707 /* JarroyoEcomerceVentaUITestsLaunchTests.swift */ = {isa = PBXFileReference; lastKnownFileType = sourcecode.swift; path = JarroyoEcomerceVentaUITestsLaunchTests.swift; sourceTree = "<group>"; };
		16CB8BE02A1C1D4B000C31E7 /* RegistrpController.swift */ = {isa = PBXFileReference; lastKnownFileType = sourcecode.swift; path = RegistrpController.swift; sourceTree = "<group>"; };
		16D395622A02E7AE00C5E6C7 /* GetAllUsuarioController.swift */ = {isa = PBXFileReference; lastKnownFileType = sourcecode.swift; path = GetAllUsuarioController.swift; sourceTree = "<group>"; };
		16D395682A02EC7000C5E6C7 /* UsuarioCell.swift */ = {isa = PBXFileReference; lastKnownFileType = sourcecode.swift; path = UsuarioCell.swift; sourceTree = "<group>"; };
		16D395692A02EC7000C5E6C7 /* UsuarioCell.xib */ = {isa = PBXFileReference; lastKnownFileType = file.xib; path = UsuarioCell.xib; sourceTree = "<group>"; };
		16E9FB6A2A14383A00C2F732 /* Area.swift */ = {isa = PBXFileReference; lastKnownFileType = sourcecode.swift; path = Area.swift; sourceTree = "<group>"; };
		16E9FB6C2A14388300C2F732 /* Departamento.swift */ = {isa = PBXFileReference; lastKnownFileType = sourcecode.swift; path = Departamento.swift; sourceTree = "<group>"; };
		16E9FB6E2A1438F300C2F732 /* Proveedor.swift */ = {isa = PBXFileReference; lastKnownFileType = sourcecode.swift; path = Proveedor.swift; sourceTree = "<group>"; };
		16E9FB702A14392B00C2F732 /* Producto.swift */ = {isa = PBXFileReference; lastKnownFileType = sourcecode.swift; path = Producto.swift; sourceTree = "<group>"; };
		16E9FB722A143A9100C2F732 /* ProductoCell.swift */ = {isa = PBXFileReference; lastKnownFileType = sourcecode.swift; path = ProductoCell.swift; sourceTree = "<group>"; };
		16E9FB732A143A9100C2F732 /* ProductoCell.xib */ = {isa = PBXFileReference; lastKnownFileType = file.xib; path = ProductoCell.xib; sourceTree = "<group>"; };
		173E631CEE099FD8AE33D67B /* Pods-JarroyoEcomerceVenta.release.xcconfig */ = {isa = PBXFileReference; includeInIndex = 1; lastKnownFileType = text.xcconfig; name = "Pods-JarroyoEcomerceVenta.release.xcconfig"; path = "Target Support Files/Pods-JarroyoEcomerceVenta/Pods-JarroyoEcomerceVenta.release.xcconfig"; sourceTree = "<group>"; };
		3D3D6C658E56C218C8FBD03A /* Pods_JarroyoEcomerceVenta.framework */ = {isa = PBXFileReference; explicitFileType = wrapper.framework; includeInIndex = 0; path = Pods_JarroyoEcomerceVenta.framework; sourceTree = BUILT_PRODUCTS_DIR; };
		631066FA1E9D5CFB4D20EA3E /* Pods-JarroyoEcomerce.debug.xcconfig */ = {isa = PBXFileReference; includeInIndex = 1; lastKnownFileType = text.xcconfig; name = "Pods-JarroyoEcomerce.debug.xcconfig"; path = "Target Support Files/Pods-JarroyoEcomerce/Pods-JarroyoEcomerce.debug.xcconfig"; sourceTree = "<group>"; };
		6AD49DAB106521AD28D70B33 /* Pods_JarroyoEcomerce.framework */ = {isa = PBXFileReference; explicitFileType = wrapper.framework; includeInIndex = 0; path = Pods_JarroyoEcomerce.framework; sourceTree = BUILT_PRODUCTS_DIR; };
		8DB172B699A9F7620D13FFCC /* Pods-JarroyoEcomerce.release.xcconfig */ = {isa = PBXFileReference; includeInIndex = 1; lastKnownFileType = text.xcconfig; name = "Pods-JarroyoEcomerce.release.xcconfig"; path = "Target Support Files/Pods-JarroyoEcomerce/Pods-JarroyoEcomerce.release.xcconfig"; sourceTree = "<group>"; };
		FC960AAC802C3F62F674CEB3 /* Pods-JarroyoEcomerceVenta.debug.xcconfig */ = {isa = PBXFileReference; includeInIndex = 1; lastKnownFileType = text.xcconfig; name = "Pods-JarroyoEcomerceVenta.debug.xcconfig"; path = "Target Support Files/Pods-JarroyoEcomerceVenta/Pods-JarroyoEcomerceVenta.debug.xcconfig"; sourceTree = "<group>"; };
/* End PBXFileReference section */

/* Begin PBXFrameworksBuildPhase section */
		1639B2B729FC28EC004A6C59 /* Frameworks */ = {
			isa = PBXFrameworksBuildPhase;
			buildActionMask = 2147483647;
			files = (
				168E19972A0DBF4600B6DFA8 /* iOSDropDown.framework in Frameworks */,
				16A7170A2A18284900336E4C /* FirebaseCrashlytics in Frameworks */,
				16A717082A18284900336E4C /* FirebaseAuth in Frameworks */,
				16A7170C2A18284900336E4C /* FirebaseStorage in Frameworks */,
				4EEB47BA2F3E54BF80D582BA /* Pods_JarroyoEcomerce.framework in Frameworks */,
			);
			runOnlyForDeploymentPostprocessing = 0;
		};
		16BC97112A20095900EFCF17 /* Frameworks */ = {
			isa = PBXFrameworksBuildPhase;
			buildActionMask = 2147483647;
			files = (
				7DA1E78A386C7397B30220F6 /* Pods_JarroyoEcomerceVenta.framework in Frameworks */,
			);
			runOnlyForDeploymentPostprocessing = 0;
		};
		16C50E2C2A26896D00F50707 /* Frameworks */ = {
			isa = PBXFrameworksBuildPhase;
			buildActionMask = 2147483647;
			files = (
			);
			runOnlyForDeploymentPostprocessing = 0;
		};
		16C50E392A26CCA200F50707 /* Frameworks */ = {
			isa = PBXFrameworksBuildPhase;
			buildActionMask = 2147483647;
			files = (
			);
			runOnlyForDeploymentPostprocessing = 0;
		};
/* End PBXFrameworksBuildPhase section */

/* Begin PBXGroup section */
		1639B2B129FC28EC004A6C59 = {
			isa = PBXGroup;
			children = (
				16C29E682A215FCE000F85F7 /* JarroyoEcomerce.xcdatamodeld */,
				16A717152A18367900336E4C /* user.png */,
				16A7170F2A1831C200336E4C /* imgfondo copy.jpeg */,
				1639B2BC29FC28EC004A6C59 /* JarroyoEcomerce */,
				16BC97152A20095900EFCF17 /* JarroyoEcomerceVenta */,
				16C50E302A26896D00F50707 /* JarroyoEcomerceVentaTests */,
				16C50E3D2A26CCA200F50707 /* JarroyoEcomerceVentaUITests */,
				1639B2BB29FC28EC004A6C59 /* Products */,
				D45B0B2D0DFED077D3C7C8AB /* Pods */,
				A887125D8774580453BEB522 /* Frameworks */,
			);
			sourceTree = "<group>";
		};
		1639B2BB29FC28EC004A6C59 /* Products */ = {
			isa = PBXGroup;
			children = (
				1639B2BA29FC28EC004A6C59 /* JarroyoEcomerce.app */,
				16BC97142A20095900EFCF17 /* JarroyoEcomerceVenta.app */,
				16C50E2F2A26896D00F50707 /* JarroyoEcomerceVentaTests.xctest */,
				16C50E3C2A26CCA200F50707 /* JarroyoEcomerceVentaUITests.xctest */,
			);
			name = Products;
			sourceTree = "<group>";
		};
		1639B2BC29FC28EC004A6C59 /* JarroyoEcomerce */ = {
			isa = PBXGroup;
			children = (
				16BC97282A200B3500EFCF17 /* JarroyoEcomerce.entitlements */,
				165D53632A04380E00F945C3 /* Util */,
				165D53622A04380200F945C3 /* Controller */,
				165D53612A0437E400F945C3 /* ViewModel */,
				165D53602A0437DA00F945C3 /* View */,
				165D535F2A0437CD00F945C3 /* Model */,
				1639B2BD29FC28EC004A6C59 /* AppDelegate.swift */,
				1639B2BF29FC28EC004A6C59 /* SceneDelegate.swift */,
				16A7170D2A1829DA00336E4C /* GoogleService-Info.plist */,
				1639B2C629FC28F0004A6C59 /* Assets.xcassets */,
				1639B2CB29FC28F0004A6C59 /* Info.plist */,
			);
			path = JarroyoEcomerce;
			sourceTree = "<group>";
		};
		163A97212A0AF56B00AAE04C /* Rol */ = {
			isa = PBXGroup;
			children = (
				168625062A0B15CE00B2F175 /* FormController.swift */,
				165794E62A0C115800D2FB17 /* GetAllRolController.swift */,
			);
			path = Rol;
			sourceTree = "<group>";
		};
		165D535F2A0437CD00F945C3 /* Model */ = {
			isa = PBXGroup;
			children = (
				16888A1C2A01D965008E7157 /* Result.swift */,
				16A21DA929FC57BA00E05126 /* Usuario.swift */,
				168625002A0AFF3D00B2F175 /* Rol.swift */,
				16E9FB6A2A14383A00C2F732 /* Area.swift */,
				16E9FB6C2A14388300C2F732 /* Departamento.swift */,
				16E9FB6E2A1438F300C2F732 /* Proveedor.swift */,
				16E9FB702A14392B00C2F732 /* Producto.swift */,
			);
			path = Model;
			sourceTree = "<group>";
		};
		165D53602A0437DA00F945C3 /* View */ = {
			isa = PBXGroup;
			children = (
				165D53672A043B2000F945C3 /* Cell */,
				1639B2C329FC28EC004A6C59 /* Main.storyboard */,
				1639B2C829FC28F0004A6C59 /* LaunchScreen.storyboard */,
			);
			path = View;
			sourceTree = "<group>";
		};
		165D53612A0437E400F945C3 /* ViewModel */ = {
			isa = PBXGroup;
			children = (
				165D53652A043A0E00F945C3 /* UsuarioViewModel.swift */,
				168625022A0B002A00B2F175 /* RolViewModel.swift */,
				16B8A4632A1458480000E186 /* ProductoViewModel.swift */,
				1698B91C2A1D1E9200AE81CB /* AreaViewModel.swift */,
				1698B91E2A1D1EAD00AE81CB /* DepartamentoViewModel.swift */,
				1698B9202A1D1EC700AE81CB /* ProveedorViewModel.swift */,
			);
			path = ViewModel;
			sourceTree = "<group>";
		};
		165D53622A04380200F945C3 /* Controller */ = {
			isa = PBXGroup;
			children = (
				16B4001F2A1BFA9A0056512D /* Login */,
				16B8A45A2A1452BF0000E186 /* Producto */,
				163A97212A0AF56B00AAE04C /* Rol */,
				165D53642A04383600F945C3 /* Usuario */,
			);
			path = Controller;
			sourceTree = "<group>";
		};
		165D53632A04380E00F945C3 /* Util */ = {
			isa = PBXGroup;
			children = (
				16A21DA729FC579300E05126 /* DBManager.swift */,
			);
			path = Util;
			sourceTree = "<group>";
		};
		165D53642A04383600F945C3 /* Usuario */ = {
			isa = PBXGroup;
			children = (
				1639B2C129FC28EC004A6C59 /* ViewController.swift */,
				16D395622A02E7AE00C5E6C7 /* GetAllUsuarioController.swift */,
			);
			path = Usuario;
			sourceTree = "<group>";
		};
		165D53672A043B2000F945C3 /* Cell */ = {
			isa = PBXGroup;
			children = (
				16D395692A02EC7000C5E6C7 /* UsuarioCell.xib */,
				16D395682A02EC7000C5E6C7 /* UsuarioCell.swift */,
				165794E02A0BF80900D2FB17 /* RolCell.swift */,
				165794E12A0BF80900D2FB17 /* RolCell.xib */,
				16E9FB722A143A9100C2F732 /* ProductoCell.swift */,
				16E9FB732A143A9100C2F732 /* ProductoCell.xib */,
				16AB42E42A1D8A9F008E3746 /* AreaCell.swift */,
				16AB42E52A1D8A9F008E3746 /* AreaCell.xib */,
				16AB42E82A1D9267008E3746 /* DepartamentoCell.swift */,
				16AB42E92A1D9267008E3746 /* DepartamentoCell.xib */,
				160923C92A1E8B93004C0581 /* ProductoCollectionCell.swift */,
				160923CA2A1E8B93004C0581 /* ProductoCollectionCell.xib */,
			);
			path = Cell;
			sourceTree = "<group>";
		};
		16B0C9F02A21788000C2BFC0 /* Control */ = {
			isa = PBXGroup;
			children = (
				16B0C9F12A2178B600C2BFC0 /* ProductoController.swift */,
			);
			path = Control;
			sourceTree = "<group>";
		};
		16B0C9F32A218B2E00C2BFC0 /* Modelo */ = {
			isa = PBXGroup;
			children = (
				16B0C9F42A218B4C00C2BFC0 /* VentaProducto.swift */,
			);
			path = Modelo;
			sourceTree = "<group>";
		};
		16B4001F2A1BFA9A0056512D /* Login */ = {
			isa = PBXGroup;
			children = (
				16B400202A1BFAC30056512D /* LoginController.swift */,
				16CB8BE02A1C1D4B000C31E7 /* RegistrpController.swift */,
			);
			path = Login;
			sourceTree = "<group>";
		};
		16B8A45A2A1452BF0000E186 /* Producto */ = {
			isa = PBXGroup;
			children = (
				16B8A45F2A1455CA0000E186 /* FormProductoController.swift */,
				16B8A4612A1455F50000E186 /* GetAllProductoController.swift */,
				16AB42E02A1D4E0C008E3746 /* AreaController.swift */,
				16AB42EC2A1D95C2008E3746 /* DepartamentoController.swift */,
			);
			path = Producto;
			sourceTree = "<group>";
		};
		16BC97152A20095900EFCF17 /* JarroyoEcomerceVenta */ = {
			isa = PBXGroup;
			children = (
				16B0C9F32A218B2E00C2BFC0 /* Modelo */,
				16B0C9F02A21788000C2BFC0 /* Control */,
				16BC97622A202D7300EFCF17 /* JarroyoEcomerceVenta.entitlements */,
				16BC973A2A201AD800EFCF17 /* View */,
				16BC97162A20095900EFCF17 /* AppDelegate.swift */,
				16BC97182A20095900EFCF17 /* SceneDelegate.swift */,
				16BC971A2A20095900EFCF17 /* ViewController.swift */,
				16BC971C2A20095900EFCF17 /* Main.storyboard */,
				16BC971F2A20095F00EFCF17 /* Assets.xcassets */,
				16BC97212A20095F00EFCF17 /* LaunchScreen.storyboard */,
				16BC97242A20095F00EFCF17 /* Info.plist */,
				16C29E6B2A216082000F85F7 /* CarritoViewModel.swift */,
				16B0C9EA2A216C8900C2BFC0 /* CarritoController.swift */,
			);
			path = JarroyoEcomerceVenta;
			sourceTree = "<group>";
		};
		16BC973A2A201AD800EFCF17 /* View */ = {
			isa = PBXGroup;
			children = (
				16BC973B2A201AE900EFCF17 /* Cell */,
			);
			path = View;
			sourceTree = "<group>";
		};
		16BC973B2A201AE900EFCF17 /* Cell */ = {
			isa = PBXGroup;
			children = (
				16BC97442A201C6100EFCF17 /* AreaCell.swift */,
				16BC97452A201C6100EFCF17 /* AreaCell.xib */,
				16BC97482A201DA800EFCF17 /* DepartamentoCell.swift */,
				16BC97492A201DA800EFCF17 /* DepartamentoCell.xib */,
				16BC974C2A201DE600EFCF17 /* ProductoCollectionCell.swift */,
				16BC974D2A201DE600EFCF17 /* ProductoCollectionCell.xib */,
				16B0C9EC2A216D2B00C2BFC0 /* CarritoCell.swift */,
				16B0C9ED2A216D2B00C2BFC0 /* CarritoCell.xib */,
			);
			path = Cell;
			sourceTree = "<group>";
		};
		16C50E302A26896D00F50707 /* JarroyoEcomerceVentaTests */ = {
			isa = PBXGroup;
			children = (
				16C50E312A26896D00F50707 /* JarroyoEcomerceVentaTests.swift */,
			);
			path = JarroyoEcomerceVentaTests;
			sourceTree = "<group>";
		};
		16C50E3D2A26CCA200F50707 /* JarroyoEcomerceVentaUITests */ = {
			isa = PBXGroup;
			children = (
				16C50E3E2A26CCA200F50707 /* JarroyoEcomerceVentaUITests.swift */,
				16C50E402A26CCA200F50707 /* JarroyoEcomerceVentaUITestsLaunchTests.swift */,
			);
			path = JarroyoEcomerceVentaUITests;
			sourceTree = "<group>";
		};
		A887125D8774580453BEB522 /* Frameworks */ = {
			isa = PBXGroup;
			children = (
				168E19962A0DBF4600B6DFA8 /* iOSDropDown.framework */,
				6AD49DAB106521AD28D70B33 /* Pods_JarroyoEcomerce.framework */,
				3D3D6C658E56C218C8FBD03A /* Pods_JarroyoEcomerceVenta.framework */,
			);
			name = Frameworks;
			sourceTree = "<group>";
		};
		D45B0B2D0DFED077D3C7C8AB /* Pods */ = {
			isa = PBXGroup;
			children = (
				631066FA1E9D5CFB4D20EA3E /* Pods-JarroyoEcomerce.debug.xcconfig */,
				8DB172B699A9F7620D13FFCC /* Pods-JarroyoEcomerce.release.xcconfig */,
				FC960AAC802C3F62F674CEB3 /* Pods-JarroyoEcomerceVenta.debug.xcconfig */,
				173E631CEE099FD8AE33D67B /* Pods-JarroyoEcomerceVenta.release.xcconfig */,
			);
			path = Pods;
			sourceTree = "<group>";
		};
/* End PBXGroup section */

/* Begin PBXNativeTarget section */
		1639B2B929FC28EC004A6C59 /* JarroyoEcomerce */ = {
			isa = PBXNativeTarget;
			buildConfigurationList = 1639B2CE29FC28F0004A6C59 /* Build configuration list for PBXNativeTarget "JarroyoEcomerce" */;
			buildPhases = (
				ED0D2C7FA9C18029332855F8 /* [CP] Check Pods Manifest.lock */,
				1639B2B629FC28EC004A6C59 /* Sources */,
				1639B2B729FC28EC004A6C59 /* Frameworks */,
				1639B2B829FC28EC004A6C59 /* Resources */,
				32FE818F31479A926BAE574D /* [CP] Embed Pods Frameworks */,
			);
			buildRules = (
			);
			dependencies = (
			);
			name = JarroyoEcomerce;
			packageProductDependencies = (
				16A717072A18284900336E4C /* FirebaseAuth */,
				16A717092A18284900336E4C /* FirebaseCrashlytics */,
				16A7170B2A18284900336E4C /* FirebaseStorage */,
			);
			productName = JarroyoEcomerce;
			productReference = 1639B2BA29FC28EC004A6C59 /* JarroyoEcomerce.app */;
			productType = "com.apple.product-type.application";
		};
		16BC97132A20095900EFCF17 /* JarroyoEcomerceVenta */ = {
			isa = PBXNativeTarget;
			buildConfigurationList = 16BC97272A20095F00EFCF17 /* Build configuration list for PBXNativeTarget "JarroyoEcomerceVenta" */;
			buildPhases = (
				B46E2219DC42ADC1B2FA9660 /* [CP] Check Pods Manifest.lock */,
				16BC97102A20095900EFCF17 /* Sources */,
				16BC97112A20095900EFCF17 /* Frameworks */,
				16BC97122A20095900EFCF17 /* Resources */,
				9F887E6972311B1FA0909EEF /* [CP] Embed Pods Frameworks */,
			);
			buildRules = (
			);
			dependencies = (
			);
			name = JarroyoEcomerceVenta;
			productName = JarroyoEcomerceVenta;
			productReference = 16BC97142A20095900EFCF17 /* JarroyoEcomerceVenta.app */;
			productType = "com.apple.product-type.application";
		};
		16C50E2E2A26896D00F50707 /* JarroyoEcomerceVentaTests */ = {
			isa = PBXNativeTarget;
			buildConfigurationList = 16C50E352A26896D00F50707 /* Build configuration list for PBXNativeTarget "JarroyoEcomerceVentaTests" */;
			buildPhases = (
				16C50E2B2A26896D00F50707 /* Sources */,
				16C50E2C2A26896D00F50707 /* Frameworks */,
				16C50E2D2A26896D00F50707 /* Resources */,
			);
			buildRules = (
			);
			dependencies = (
				16C50E342A26896D00F50707 /* PBXTargetDependency */,
			);
			name = JarroyoEcomerceVentaTests;
			productName = JarroyoEcomerceVentaTests;
			productReference = 16C50E2F2A26896D00F50707 /* JarroyoEcomerceVentaTests.xctest */;
			productType = "com.apple.product-type.bundle.unit-test";
		};
		16C50E3B2A26CCA200F50707 /* JarroyoEcomerceVentaUITests */ = {
			isa = PBXNativeTarget;
			buildConfigurationList = 16C50E442A26CCA300F50707 /* Build configuration list for PBXNativeTarget "JarroyoEcomerceVentaUITests" */;
			buildPhases = (
				16C50E382A26CCA200F50707 /* Sources */,
				16C50E392A26CCA200F50707 /* Frameworks */,
				16C50E3A2A26CCA200F50707 /* Resources */,
			);
			buildRules = (
			);
			dependencies = (
				16C50E432A26CCA200F50707 /* PBXTargetDependency */,
			);
			name = JarroyoEcomerceVentaUITests;
			productName = JarroyoEcomerceVentaUITests;
			productReference = 16C50E3C2A26CCA200F50707 /* JarroyoEcomerceVentaUITests.xctest */;
			productType = "com.apple.product-type.bundle.ui-testing";
		};
/* End PBXNativeTarget section */

/* Begin PBXProject section */
		1639B2B229FC28EC004A6C59 /* Project object */ = {
			isa = PBXProject;
			attributes = {
				BuildIndependentTargetsInParallel = 1;
				LastSwiftUpdateCheck = 1410;
				LastUpgradeCheck = 1410;
				TargetAttributes = {
					1639B2B929FC28EC004A6C59 = {
						CreatedOnToolsVersion = 14.1;
					};
					16BC97132A20095900EFCF17 = {
						CreatedOnToolsVersion = 14.1;
					};
					16C50E2E2A26896D00F50707 = {
						CreatedOnToolsVersion = 14.1;
						TestTargetID = 16BC97132A20095900EFCF17;
					};
					16C50E3B2A26CCA200F50707 = {
						CreatedOnToolsVersion = 14.1;
						TestTargetID = 16BC97132A20095900EFCF17;
					};
				};
			};
			buildConfigurationList = 1639B2B529FC28EC004A6C59 /* Build configuration list for PBXProject "JarroyoEcomerce" */;
			compatibilityVersion = "Xcode 14.0";
			developmentRegion = en;
			hasScannedForEncodings = 0;
			knownRegions = (
				en,
				Base,
			);
			mainGroup = 1639B2B129FC28EC004A6C59;
			packageReferences = (
				16A717062A18284900336E4C /* XCRemoteSwiftPackageReference "firebase-ios-sdk" */,
			);
			productRefGroup = 1639B2BB29FC28EC004A6C59 /* Products */;
			projectDirPath = "";
			projectRoot = "";
			targets = (
				1639B2B929FC28EC004A6C59 /* JarroyoEcomerce */,
				16BC97132A20095900EFCF17 /* JarroyoEcomerceVenta */,
				16C50E2E2A26896D00F50707 /* JarroyoEcomerceVentaTests */,
				16C50E3B2A26CCA200F50707 /* JarroyoEcomerceVentaUITests */,
			);
		};
/* End PBXProject section */

/* Begin PBXResourcesBuildPhase section */
		1639B2B829FC28EC004A6C59 /* Resources */ = {
			isa = PBXResourcesBuildPhase;
			buildActionMask = 2147483647;
			files = (
				16D3956B2A02EC7000C5E6C7 /* UsuarioCell.xib in Resources */,
				1639B2CA29FC28F0004A6C59 /* LaunchScreen.storyboard in Resources */,
				16AB42E72A1D8A9F008E3746 /* AreaCell.xib in Resources */,
				16A717162A18367900336E4C /* user.png in Resources */,
				1639B2C729FC28F0004A6C59 /* Assets.xcassets in Resources */,
				165794E32A0BF80900D2FB17 /* RolCell.xib in Resources */,
				16A717102A1831C200336E4C /* imgfondo copy.jpeg in Resources */,
				160923CC2A1E8B93004C0581 /* ProductoCollectionCell.xib in Resources */,
				1639B2C529FC28EC004A6C59 /* Main.storyboard in Resources */,
				16E9FB752A143A9100C2F732 /* ProductoCell.xib in Resources */,
				16A7170E2A1829DA00336E4C /* GoogleService-Info.plist in Resources */,
				16AB42EB2A1D9267008E3746 /* DepartamentoCell.xib in Resources */,
			);
			runOnlyForDeploymentPostprocessing = 0;
		};
		16BC97122A20095900EFCF17 /* Resources */ = {
			isa = PBXResourcesBuildPhase;
			buildActionMask = 2147483647;
			files = (
				16B0C9EF2A216D2B00C2BFC0 /* CarritoCell.xib in Resources */,
				16BC97232A20095F00EFCF17 /* LaunchScreen.storyboard in Resources */,
				16BC97472A201C6100EFCF17 /* AreaCell.xib in Resources */,
				16BC97202A20095F00EFCF17 /* Assets.xcassets in Resources */,
				16BC974F2A201DE600EFCF17 /* ProductoCollectionCell.xib in Resources */,
				16BC974B2A201DA800EFCF17 /* DepartamentoCell.xib in Resources */,
				16BC971E2A20095900EFCF17 /* Main.storyboard in Resources */,
			);
			runOnlyForDeploymentPostprocessing = 0;
		};
		16C50E2D2A26896D00F50707 /* Resources */ = {
			isa = PBXResourcesBuildPhase;
			buildActionMask = 2147483647;
			files = (
			);
			runOnlyForDeploymentPostprocessing = 0;
		};
		16C50E3A2A26CCA200F50707 /* Resources */ = {
			isa = PBXResourcesBuildPhase;
			buildActionMask = 2147483647;
			files = (
			);
			runOnlyForDeploymentPostprocessing = 0;
		};
/* End PBXResourcesBuildPhase section */

/* Begin PBXShellScriptBuildPhase section */
		32FE818F31479A926BAE574D /* [CP] Embed Pods Frameworks */ = {
			isa = PBXShellScriptBuildPhase;
			buildActionMask = 2147483647;
			files = (
			);
			inputFileListPaths = (
				"${PODS_ROOT}/Target Support Files/Pods-JarroyoEcomerce/Pods-JarroyoEcomerce-frameworks-${CONFIGURATION}-input-files.xcfilelist",
			);
			name = "[CP] Embed Pods Frameworks";
			outputFileListPaths = (
				"${PODS_ROOT}/Target Support Files/Pods-JarroyoEcomerce/Pods-JarroyoEcomerce-frameworks-${CONFIGURATION}-output-files.xcfilelist",
			);
			runOnlyForDeploymentPostprocessing = 0;
			shellPath = /bin/sh;
			shellScript = "\"${PODS_ROOT}/Target Support Files/Pods-JarroyoEcomerce/Pods-JarroyoEcomerce-frameworks.sh\"\n";
			showEnvVarsInLog = 0;
		};
		9F887E6972311B1FA0909EEF /* [CP] Embed Pods Frameworks */ = {
			isa = PBXShellScriptBuildPhase;
			buildActionMask = 2147483647;
			files = (
			);
			inputFileListPaths = (
				"${PODS_ROOT}/Target Support Files/Pods-JarroyoEcomerceVenta/Pods-JarroyoEcomerceVenta-frameworks-${CONFIGURATION}-input-files.xcfilelist",
			);
			name = "[CP] Embed Pods Frameworks";
			outputFileListPaths = (
				"${PODS_ROOT}/Target Support Files/Pods-JarroyoEcomerceVenta/Pods-JarroyoEcomerceVenta-frameworks-${CONFIGURATION}-output-files.xcfilelist",
			);
			runOnlyForDeploymentPostprocessing = 0;
			shellPath = /bin/sh;
			shellScript = "\"${PODS_ROOT}/Target Support Files/Pods-JarroyoEcomerceVenta/Pods-JarroyoEcomerceVenta-frameworks.sh\"\n";
			showEnvVarsInLog = 0;
		};
		B46E2219DC42ADC1B2FA9660 /* [CP] Check Pods Manifest.lock */ = {
			isa = PBXShellScriptBuildPhase;
			buildActionMask = 2147483647;
			files = (
			);
			inputFileListPaths = (
			);
			inputPaths = (
				"${PODS_PODFILE_DIR_PATH}/Podfile.lock",
				"${PODS_ROOT}/Manifest.lock",
			);
			name = "[CP] Check Pods Manifest.lock";
			outputFileListPaths = (
			);
			outputPaths = (
				"$(DERIVED_FILE_DIR)/Pods-JarroyoEcomerceVenta-checkManifestLockResult.txt",
			);
			runOnlyForDeploymentPostprocessing = 0;
			shellPath = /bin/sh;
			shellScript = "diff \"${PODS_PODFILE_DIR_PATH}/Podfile.lock\" \"${PODS_ROOT}/Manifest.lock\" > /dev/null\nif [ $? != 0 ] ; then\n    # print error to STDERR\n    echo \"error: The sandbox is not in sync with the Podfile.lock. Run 'pod install' or update your CocoaPods installation.\" >&2\n    exit 1\nfi\n# This output is used by Xcode 'outputs' to avoid re-running this script phase.\necho \"SUCCESS\" > \"${SCRIPT_OUTPUT_FILE_0}\"\n";
			showEnvVarsInLog = 0;
		};
		ED0D2C7FA9C18029332855F8 /* [CP] Check Pods Manifest.lock */ = {
			isa = PBXShellScriptBuildPhase;
			buildActionMask = 2147483647;
			files = (
			);
			inputFileListPaths = (
			);
			inputPaths = (
				"${PODS_PODFILE_DIR_PATH}/Podfile.lock",
				"${PODS_ROOT}/Manifest.lock",
			);
			name = "[CP] Check Pods Manifest.lock";
			outputFileListPaths = (
			);
			outputPaths = (
				"$(DERIVED_FILE_DIR)/Pods-JarroyoEcomerce-checkManifestLockResult.txt",
			);
			runOnlyForDeploymentPostprocessing = 0;
			shellPath = /bin/sh;
			shellScript = "diff \"${PODS_PODFILE_DIR_PATH}/Podfile.lock\" \"${PODS_ROOT}/Manifest.lock\" > /dev/null\nif [ $? != 0 ] ; then\n    # print error to STDERR\n    echo \"error: The sandbox is not in sync with the Podfile.lock. Run 'pod install' or update your CocoaPods installation.\" >&2\n    exit 1\nfi\n# This output is used by Xcode 'outputs' to avoid re-running this script phase.\necho \"SUCCESS\" > \"${SCRIPT_OUTPUT_FILE_0}\"\n";
			showEnvVarsInLog = 0;
		};
/* End PBXShellScriptBuildPhase section */

/* Begin PBXSourcesBuildPhase section */
		1639B2B629FC28EC004A6C59 /* Sources */ = {
			isa = PBXSourcesBuildPhase;
			buildActionMask = 2147483647;
			files = (
				1698B91F2A1D1EAD00AE81CB /* DepartamentoViewModel.swift in Sources */,
				16888A1D2A01D965008E7157 /* Result.swift in Sources */,
				16AB42ED2A1D95C2008E3746 /* DepartamentoController.swift in Sources */,
				16E9FB6D2A14388300C2F732 /* Departamento.swift in Sources */,
				1639B2C229FC28EC004A6C59 /* ViewController.swift in Sources */,
				16B8A4622A1455F50000E186 /* GetAllProductoController.swift in Sources */,
				16E9FB6F2A1438F300C2F732 /* Proveedor.swift in Sources */,
				16D395632A02E7AE00C5E6C7 /* GetAllUsuarioController.swift in Sources */,
				168625082A0B15CE00B2F175 /* FormController.swift in Sources */,
				168625012A0AFF3D00B2F175 /* Rol.swift in Sources */,
				1639B2BE29FC28EC004A6C59 /* AppDelegate.swift in Sources */,
				16B400212A1BFAC30056512D /* LoginController.swift in Sources */,
				160923CB2A1E8B93004C0581 /* ProductoCollectionCell.swift in Sources */,
				165794E72A0C115800D2FB17 /* GetAllRolController.swift in Sources */,
				16E9FB712A14392B00C2F732 /* Producto.swift in Sources */,
				1698B91D2A1D1E9200AE81CB /* AreaViewModel.swift in Sources */,
				168625032A0B002A00B2F175 /* RolViewModel.swift in Sources */,
				16D3956A2A02EC7000C5E6C7 /* UsuarioCell.swift in Sources */,
				16AB42E12A1D4E0C008E3746 /* AreaController.swift in Sources */,
				1639B2C029FC28EC004A6C59 /* SceneDelegate.swift in Sources */,
				16E9FB6B2A14383A00C2F732 /* Area.swift in Sources */,
				16AB42EA2A1D9267008E3746 /* DepartamentoCell.swift in Sources */,
				16AB42E62A1D8A9F008E3746 /* AreaCell.swift in Sources */,
				165794E22A0BF80900D2FB17 /* RolCell.swift in Sources */,
				165D53662A043A0E00F945C3 /* UsuarioViewModel.swift in Sources */,
				16A21DAA29FC57BA00E05126 /* Usuario.swift in Sources */,
				16E9FB742A143A9100C2F732 /* ProductoCell.swift in Sources */,
				16A21DA829FC579400E05126 /* DBManager.swift in Sources */,
				16B8A4642A1458480000E186 /* ProductoViewModel.swift in Sources */,
				1698B9212A1D1EC700AE81CB /* ProveedorViewModel.swift in Sources */,
				16B8A4602A1455CA0000E186 /* FormProductoController.swift in Sources */,
				16CB8BE12A1C1D4B000C31E7 /* RegistrpController.swift in Sources */,
			);
			runOnlyForDeploymentPostprocessing = 0;
		};
		16BC97102A20095900EFCF17 /* Sources */ = {
			isa = PBXSourcesBuildPhase;
			buildActionMask = 2147483647;
			files = (
				163E2B012A2525B2001A0B39 /* JarroyoEcomerce.xcdatamodeld in Sources */,
				16C29E722A21646B000F85F7 /* GoogleService-Info.plist in Sources */,
				16BC97772A203DD900EFCF17 /* DepartamentoController.swift in Sources */,
				16BC97762A203DD300EFCF17 /* AreaController.swift in Sources */,
				16BC97752A2039DF00EFCF17 /* Producto.swift in Sources */,
				16BC97742A2039D500EFCF17 /* Proveedor.swift in Sources */,
				16B0C9EB2A216C8900C2BFC0 /* CarritoController.swift in Sources */,
				16BC97732A2039C900EFCF17 /* Departamento.swift in Sources */,
				16BC97722A2039BE00EFCF17 /* Area.swift in Sources */,
				16BC97712A2039B300EFCF17 /* Result.swift in Sources */,
				16BC97702A20367200EFCF17 /* ProveedorViewModel.swift in Sources */,
				16BC976F2A20366900EFCF17 /* DepartamentoViewModel.swift in Sources */,
				16BC976E2A20365F00EFCF17 /* AreaViewModel.swift in Sources */,
				16BC976D2A20365500EFCF17 /* ProductoViewModel.swift in Sources */,
				16B0C9EE2A216D2B00C2BFC0 /* CarritoCell.swift in Sources */,
				16BC97682A2035FC00EFCF17 /* DBManager.swift in Sources */,
				16BC971B2A20095900EFCF17 /* ViewController.swift in Sources */,
				16BC974A2A201DA800EFCF17 /* DepartamentoCell.swift in Sources */,
				16BC974E2A201DE600EFCF17 /* ProductoCollectionCell.swift in Sources */,
				16BC97172A20095900EFCF17 /* AppDelegate.swift in Sources */,
				16C29E6C2A216082000F85F7 /* CarritoViewModel.swift in Sources */,
				16B0C9F52A218B4C00C2BFC0 /* VentaProducto.swift in Sources */,
				16BC97192A20095900EFCF17 /* SceneDelegate.swift in Sources */,
				16BC97462A201C6100EFCF17 /* AreaCell.swift in Sources */,
				16B0C9F22A2178B600C2BFC0 /* ProductoController.swift in Sources */,
			);
			runOnlyForDeploymentPostprocessing = 0;
		};
		16C50E2B2A26896D00F50707 /* Sources */ = {
			isa = PBXSourcesBuildPhase;
			buildActionMask = 2147483647;
			files = (
				16C50E322A26896D00F50707 /* JarroyoEcomerceVentaTests.swift in Sources */,
			);
			runOnlyForDeploymentPostprocessing = 0;
		};
		16C50E382A26CCA200F50707 /* Sources */ = {
			isa = PBXSourcesBuildPhase;
			buildActionMask = 2147483647;
			files = (
				16C50E3F2A26CCA200F50707 /* JarroyoEcomerceVentaUITests.swift in Sources */,
				16C50E412A26CCA200F50707 /* JarroyoEcomerceVentaUITestsLaunchTests.swift in Sources */,
			);
			runOnlyForDeploymentPostprocessing = 0;
		};
/* End PBXSourcesBuildPhase section */

/* Begin PBXTargetDependency section */
		16C50E342A26896D00F50707 /* PBXTargetDependency */ = {
			isa = PBXTargetDependency;
			target = 16BC97132A20095900EFCF17 /* JarroyoEcomerceVenta */;
			targetProxy = 16C50E332A26896D00F50707 /* PBXContainerItemProxy */;
		};
		16C50E432A26CCA200F50707 /* PBXTargetDependency */ = {
			isa = PBXTargetDependency;
			target = 16BC97132A20095900EFCF17 /* JarroyoEcomerceVenta */;
			targetProxy = 16C50E422A26CCA200F50707 /* PBXContainerItemProxy */;
		};
/* End PBXTargetDependency section */

/* Begin PBXVariantGroup section */
		1639B2C329FC28EC004A6C59 /* Main.storyboard */ = {
			isa = PBXVariantGroup;
			children = (
				1639B2C429FC28EC004A6C59 /* Base */,
			);
			name = Main.storyboard;
			sourceTree = "<group>";
		};
		1639B2C829FC28F0004A6C59 /* LaunchScreen.storyboard */ = {
			isa = PBXVariantGroup;
			children = (
				1639B2C929FC28F0004A6C59 /* Base */,
			);
			name = LaunchScreen.storyboard;
			sourceTree = "<group>";
		};
		16BC971C2A20095900EFCF17 /* Main.storyboard */ = {
			isa = PBXVariantGroup;
			children = (
				16BC971D2A20095900EFCF17 /* Base */,
			);
			name = Main.storyboard;
			sourceTree = "<group>";
		};
		16BC97212A20095F00EFCF17 /* LaunchScreen.storyboard */ = {
			isa = PBXVariantGroup;
			children = (
				16BC97222A20095F00EFCF17 /* Base */,
			);
			name = LaunchScreen.storyboard;
			sourceTree = "<group>";
		};
/* End PBXVariantGroup section */

/* Begin XCBuildConfiguration section */
		1639B2CC29FC28F0004A6C59 /* Debug */ = {
			isa = XCBuildConfiguration;
			buildSettings = {
				ALWAYS_SEARCH_USER_PATHS = NO;
				CLANG_ANALYZER_NONNULL = YES;
				CLANG_ANALYZER_NUMBER_OBJECT_CONVERSION = YES_AGGRESSIVE;
				CLANG_CXX_LANGUAGE_STANDARD = "gnu++20";
				CLANG_ENABLE_MODULES = YES;
				CLANG_ENABLE_OBJC_ARC = YES;
				CLANG_ENABLE_OBJC_WEAK = YES;
				CLANG_WARN_BLOCK_CAPTURE_AUTORELEASING = YES;
				CLANG_WARN_BOOL_CONVERSION = YES;
				CLANG_WARN_COMMA = YES;
				CLANG_WARN_CONSTANT_CONVERSION = YES;
				CLANG_WARN_DEPRECATED_OBJC_IMPLEMENTATIONS = YES;
				CLANG_WARN_DIRECT_OBJC_ISA_USAGE = YES_ERROR;
				CLANG_WARN_DOCUMENTATION_COMMENTS = YES;
				CLANG_WARN_EMPTY_BODY = YES;
				CLANG_WARN_ENUM_CONVERSION = YES;
				CLANG_WARN_INFINITE_RECURSION = YES;
				CLANG_WARN_INT_CONVERSION = YES;
				CLANG_WARN_NON_LITERAL_NULL_CONVERSION = YES;
				CLANG_WARN_OBJC_IMPLICIT_RETAIN_SELF = YES;
				CLANG_WARN_OBJC_LITERAL_CONVERSION = YES;
				CLANG_WARN_OBJC_ROOT_CLASS = YES_ERROR;
				CLANG_WARN_QUOTED_INCLUDE_IN_FRAMEWORK_HEADER = YES;
				CLANG_WARN_RANGE_LOOP_ANALYSIS = YES;
				CLANG_WARN_STRICT_PROTOTYPES = YES;
				CLANG_WARN_SUSPICIOUS_MOVE = YES;
				CLANG_WARN_UNGUARDED_AVAILABILITY = YES_AGGRESSIVE;
				CLANG_WARN_UNREACHABLE_CODE = YES;
				CLANG_WARN__DUPLICATE_METHOD_MATCH = YES;
				COPY_PHASE_STRIP = NO;
				DEBUG_INFORMATION_FORMAT = dwarf;
				ENABLE_STRICT_OBJC_MSGSEND = YES;
				ENABLE_TESTABILITY = YES;
				GCC_C_LANGUAGE_STANDARD = gnu11;
				GCC_DYNAMIC_NO_PIC = NO;
				GCC_NO_COMMON_BLOCKS = YES;
				GCC_OPTIMIZATION_LEVEL = 0;
				GCC_PREPROCESSOR_DEFINITIONS = (
					"DEBUG=1",
					"$(inherited)",
				);
				GCC_WARN_64_TO_32_BIT_CONVERSION = YES;
				GCC_WARN_ABOUT_RETURN_TYPE = YES_ERROR;
				GCC_WARN_UNDECLARED_SELECTOR = YES;
				GCC_WARN_UNINITIALIZED_AUTOS = YES_AGGRESSIVE;
				GCC_WARN_UNUSED_FUNCTION = YES;
				GCC_WARN_UNUSED_VARIABLE = YES;
				IPHONEOS_DEPLOYMENT_TARGET = 16.1;
				MTL_ENABLE_DEBUG_INFO = INCLUDE_SOURCE;
				MTL_FAST_MATH = YES;
				ONLY_ACTIVE_ARCH = YES;
				SDKROOT = iphoneos;
				SWIFT_ACTIVE_COMPILATION_CONDITIONS = DEBUG;
				SWIFT_OPTIMIZATION_LEVEL = "-Onone";
			};
			name = Debug;
		};
		1639B2CD29FC28F0004A6C59 /* Release */ = {
			isa = XCBuildConfiguration;
			buildSettings = {
				ALWAYS_SEARCH_USER_PATHS = NO;
				CLANG_ANALYZER_NONNULL = YES;
				CLANG_ANALYZER_NUMBER_OBJECT_CONVERSION = YES_AGGRESSIVE;
				CLANG_CXX_LANGUAGE_STANDARD = "gnu++20";
				CLANG_ENABLE_MODULES = YES;
				CLANG_ENABLE_OBJC_ARC = YES;
				CLANG_ENABLE_OBJC_WEAK = YES;
				CLANG_WARN_BLOCK_CAPTURE_AUTORELEASING = YES;
				CLANG_WARN_BOOL_CONVERSION = YES;
				CLANG_WARN_COMMA = YES;
				CLANG_WARN_CONSTANT_CONVERSION = YES;
				CLANG_WARN_DEPRECATED_OBJC_IMPLEMENTATIONS = YES;
				CLANG_WARN_DIRECT_OBJC_ISA_USAGE = YES_ERROR;
				CLANG_WARN_DOCUMENTATION_COMMENTS = YES;
				CLANG_WARN_EMPTY_BODY = YES;
				CLANG_WARN_ENUM_CONVERSION = YES;
				CLANG_WARN_INFINITE_RECURSION = YES;
				CLANG_WARN_INT_CONVERSION = YES;
				CLANG_WARN_NON_LITERAL_NULL_CONVERSION = YES;
				CLANG_WARN_OBJC_IMPLICIT_RETAIN_SELF = YES;
				CLANG_WARN_OBJC_LITERAL_CONVERSION = YES;
				CLANG_WARN_OBJC_ROOT_CLASS = YES_ERROR;
				CLANG_WARN_QUOTED_INCLUDE_IN_FRAMEWORK_HEADER = YES;
				CLANG_WARN_RANGE_LOOP_ANALYSIS = YES;
				CLANG_WARN_STRICT_PROTOTYPES = YES;
				CLANG_WARN_SUSPICIOUS_MOVE = YES;
				CLANG_WARN_UNGUARDED_AVAILABILITY = YES_AGGRESSIVE;
				CLANG_WARN_UNREACHABLE_CODE = YES;
				CLANG_WARN__DUPLICATE_METHOD_MATCH = YES;
				COPY_PHASE_STRIP = NO;
				DEBUG_INFORMATION_FORMAT = "dwarf-with-dsym";
				ENABLE_NS_ASSERTIONS = NO;
				ENABLE_STRICT_OBJC_MSGSEND = YES;
				GCC_C_LANGUAGE_STANDARD = gnu11;
				GCC_NO_COMMON_BLOCKS = YES;
				GCC_WARN_64_TO_32_BIT_CONVERSION = YES;
				GCC_WARN_ABOUT_RETURN_TYPE = YES_ERROR;
				GCC_WARN_UNDECLARED_SELECTOR = YES;
				GCC_WARN_UNINITIALIZED_AUTOS = YES_AGGRESSIVE;
				GCC_WARN_UNUSED_FUNCTION = YES;
				GCC_WARN_UNUSED_VARIABLE = YES;
				IPHONEOS_DEPLOYMENT_TARGET = 16.1;
				MTL_ENABLE_DEBUG_INFO = NO;
				MTL_FAST_MATH = YES;
				SDKROOT = iphoneos;
				SWIFT_COMPILATION_MODE = wholemodule;
				SWIFT_OPTIMIZATION_LEVEL = "-O";
				VALIDATE_PRODUCT = YES;
			};
			name = Release;
		};
		1639B2CF29FC28F0004A6C59 /* Debug */ = {
			isa = XCBuildConfiguration;
			baseConfigurationReference = 631066FA1E9D5CFB4D20EA3E /* Pods-JarroyoEcomerce.debug.xcconfig */;
			buildSettings = {
				ASSETCATALOG_COMPILER_APPICON_NAME = AppIcon;
				ASSETCATALOG_COMPILER_GLOBAL_ACCENT_COLOR_NAME = AccentColor;
				CODE_SIGN_ENTITLEMENTS = JarroyoEcomerce/JarroyoEcomerce.entitlements;
				CODE_SIGN_STYLE = Automatic;
				CURRENT_PROJECT_VERSION = 1;
				DEVELOPMENT_TEAM = DJ269J35Y2;
				GENERATE_INFOPLIST_FILE = YES;
				INFOPLIST_FILE = JarroyoEcomerce/Info.plist;
				INFOPLIST_KEY_UIApplicationSupportsIndirectInputEvents = YES;
				INFOPLIST_KEY_UILaunchStoryboardName = LaunchScreen;
				INFOPLIST_KEY_UIMainStoryboardFile = Main;
				INFOPLIST_KEY_UISupportedInterfaceOrientations_iPad = "UIInterfaceOrientationPortrait UIInterfaceOrientationPortraitUpsideDown UIInterfaceOrientationLandscapeLeft UIInterfaceOrientationLandscapeRight";
				INFOPLIST_KEY_UISupportedInterfaceOrientations_iPhone = "UIInterfaceOrientationPortrait UIInterfaceOrientationLandscapeLeft UIInterfaceOrientationLandscapeRight";
				LD_RUNPATH_SEARCH_PATHS = (
					"$(inherited)",
					"@executable_path/Frameworks",
				);
				MARKETING_VERSION = 1.0;
				PRODUCT_BUNDLE_IDENTIFIER = com.digis.JarroyoEcomerce;
				PRODUCT_NAME = "$(TARGET_NAME)";
				SWIFT_EMIT_LOC_STRINGS = YES;
				SWIFT_VERSION = 5.0;
				TARGETED_DEVICE_FAMILY = "1,2";
			};
			name = Debug;
		};
		1639B2D029FC28F0004A6C59 /* Release */ = {
			isa = XCBuildConfiguration;
			baseConfigurationReference = 8DB172B699A9F7620D13FFCC /* Pods-JarroyoEcomerce.release.xcconfig */;
			buildSettings = {
				ASSETCATALOG_COMPILER_APPICON_NAME = AppIcon;
				ASSETCATALOG_COMPILER_GLOBAL_ACCENT_COLOR_NAME = AccentColor;
				CODE_SIGN_ENTITLEMENTS = JarroyoEcomerce/JarroyoEcomerce.entitlements;
				CODE_SIGN_STYLE = Automatic;
				CURRENT_PROJECT_VERSION = 1;
				DEVELOPMENT_TEAM = DJ269J35Y2;
				GENERATE_INFOPLIST_FILE = YES;
				INFOPLIST_FILE = JarroyoEcomerce/Info.plist;
				INFOPLIST_KEY_UIApplicationSupportsIndirectInputEvents = YES;
				INFOPLIST_KEY_UILaunchStoryboardName = LaunchScreen;
				INFOPLIST_KEY_UIMainStoryboardFile = Main;
				INFOPLIST_KEY_UISupportedInterfaceOrientations_iPad = "UIInterfaceOrientationPortrait UIInterfaceOrientationPortraitUpsideDown UIInterfaceOrientationLandscapeLeft UIInterfaceOrientationLandscapeRight";
				INFOPLIST_KEY_UISupportedInterfaceOrientations_iPhone = "UIInterfaceOrientationPortrait UIInterfaceOrientationLandscapeLeft UIInterfaceOrientationLandscapeRight";
				LD_RUNPATH_SEARCH_PATHS = (
					"$(inherited)",
					"@executable_path/Frameworks",
				);
				MARKETING_VERSION = 1.0;
				PRODUCT_BUNDLE_IDENTIFIER = com.digis.JarroyoEcomerce;
				PRODUCT_NAME = "$(TARGET_NAME)";
				SWIFT_EMIT_LOC_STRINGS = YES;
				SWIFT_VERSION = 5.0;
				TARGETED_DEVICE_FAMILY = "1,2";
			};
			name = Release;
		};
		16BC97252A20095F00EFCF17 /* Debug */ = {
			isa = XCBuildConfiguration;
			baseConfigurationReference = FC960AAC802C3F62F674CEB3 /* Pods-JarroyoEcomerceVenta.debug.xcconfig */;
			buildSettings = {
				ASSETCATALOG_COMPILER_APPICON_NAME = AppIcon;
				ASSETCATALOG_COMPILER_GLOBAL_ACCENT_COLOR_NAME = AccentColor;
				CODE_SIGN_ENTITLEMENTS = JarroyoEcomerceVenta/JarroyoEcomerceVenta.entitlements;
				CODE_SIGN_STYLE = Automatic;
				CURRENT_PROJECT_VERSION = 1;
				DEVELOPMENT_TEAM = DJ269J35Y2;
				GENERATE_INFOPLIST_FILE = YES;
				INFOPLIST_FILE = JarroyoEcomerceVenta/Info.plist;
				INFOPLIST_KEY_UIApplicationSupportsIndirectInputEvents = YES;
				INFOPLIST_KEY_UILaunchStoryboardName = LaunchScreen;
				INFOPLIST_KEY_UIMainStoryboardFile = Main;
				INFOPLIST_KEY_UISupportedInterfaceOrientations_iPad = "UIInterfaceOrientationPortrait UIInterfaceOrientationPortraitUpsideDown UIInterfaceOrientationLandscapeLeft UIInterfaceOrientationLandscapeRight";
				INFOPLIST_KEY_UISupportedInterfaceOrientations_iPhone = "UIInterfaceOrientationPortrait UIInterfaceOrientationLandscapeLeft UIInterfaceOrientationLandscapeRight";
				LD_RUNPATH_SEARCH_PATHS = (
					"$(inherited)",
					"@executable_path/Frameworks",
				);
				MARKETING_VERSION = 1.0;
				PRODUCT_BUNDLE_IDENTIFIER = com.digis.JarroyoEcomerceVenta;
				PRODUCT_NAME = "$(TARGET_NAME)";
				SWIFT_EMIT_LOC_STRINGS = YES;
				SWIFT_VERSION = 5.0;
				TARGETED_DEVICE_FAMILY = "1,2";
			};
			name = Debug;
		};
		16BC97262A20095F00EFCF17 /* Release */ = {
			isa = XCBuildConfiguration;
			baseConfigurationReference = 173E631CEE099FD8AE33D67B /* Pods-JarroyoEcomerceVenta.release.xcconfig */;
			buildSettings = {
				ASSETCATALOG_COMPILER_APPICON_NAME = AppIcon;
				ASSETCATALOG_COMPILER_GLOBAL_ACCENT_COLOR_NAME = AccentColor;
				CODE_SIGN_ENTITLEMENTS = JarroyoEcomerceVenta/JarroyoEcomerceVenta.entitlements;
				CODE_SIGN_STYLE = Automatic;
				CURRENT_PROJECT_VERSION = 1;
				DEVELOPMENT_TEAM = DJ269J35Y2;
				GENERATE_INFOPLIST_FILE = YES;
				INFOPLIST_FILE = JarroyoEcomerceVenta/Info.plist;
				INFOPLIST_KEY_UIApplicationSupportsIndirectInputEvents = YES;
				INFOPLIST_KEY_UILaunchStoryboardName = LaunchScreen;
				INFOPLIST_KEY_UIMainStoryboardFile = Main;
				INFOPLIST_KEY_UISupportedInterfaceOrientations_iPad = "UIInterfaceOrientationPortrait UIInterfaceOrientationPortraitUpsideDown UIInterfaceOrientationLandscapeLeft UIInterfaceOrientationLandscapeRight";
				INFOPLIST_KEY_UISupportedInterfaceOrientations_iPhone = "UIInterfaceOrientationPortrait UIInterfaceOrientationLandscapeLeft UIInterfaceOrientationLandscapeRight";
				LD_RUNPATH_SEARCH_PATHS = (
					"$(inherited)",
					"@executable_path/Frameworks",
				);
				MARKETING_VERSION = 1.0;
				PRODUCT_BUNDLE_IDENTIFIER = com.digis.JarroyoEcomerceVenta;
				PRODUCT_NAME = "$(TARGET_NAME)";
				SWIFT_EMIT_LOC_STRINGS = YES;
				SWIFT_VERSION = 5.0;
				TARGETED_DEVICE_FAMILY = "1,2";
			};
			name = Release;
		};
		16C50E362A26896D00F50707 /* Debug */ = {
			isa = XCBuildConfiguration;
			buildSettings = {
				BUNDLE_LOADER = "$(TEST_HOST)";
				CODE_SIGN_STYLE = Automatic;
				CURRENT_PROJECT_VERSION = 1;
				DEVELOPMENT_TEAM = 768AGU35HV;
				GENERATE_INFOPLIST_FILE = YES;
				MARKETING_VERSION = 1.0;
				PRODUCT_BUNDLE_IDENTIFIER = com.digis.JarroyoEcomerceVentaTests;
				PRODUCT_NAME = "$(TARGET_NAME)";
				SWIFT_EMIT_LOC_STRINGS = NO;
				SWIFT_VERSION = 5.0;
				TARGETED_DEVICE_FAMILY = "1,2";
				TEST_HOST = "$(BUILT_PRODUCTS_DIR)/JarroyoEcomerceVenta.app/$(BUNDLE_EXECUTABLE_FOLDER_PATH)/JarroyoEcomerceVenta";
			};
			name = Debug;
		};
		16C50E372A26896D00F50707 /* Release */ = {
			isa = XCBuildConfiguration;
			buildSettings = {
				BUNDLE_LOADER = "$(TEST_HOST)";
				CODE_SIGN_STYLE = Automatic;
				CURRENT_PROJECT_VERSION = 1;
				DEVELOPMENT_TEAM = 768AGU35HV;
				GENERATE_INFOPLIST_FILE = YES;
				MARKETING_VERSION = 1.0;
				PRODUCT_BUNDLE_IDENTIFIER = com.digis.JarroyoEcomerceVentaTests;
				PRODUCT_NAME = "$(TARGET_NAME)";
				SWIFT_EMIT_LOC_STRINGS = NO;
				SWIFT_VERSION = 5.0;
				TARGETED_DEVICE_FAMILY = "1,2";
				TEST_HOST = "$(BUILT_PRODUCTS_DIR)/JarroyoEcomerceVenta.app/$(BUNDLE_EXECUTABLE_FOLDER_PATH)/JarroyoEcomerceVenta";
			};
			name = Release;
		};
		16C50E452A26CCA300F50707 /* Debug */ = {
			isa = XCBuildConfiguration;
			buildSettings = {
				CODE_SIGN_STYLE = Automatic;
				CURRENT_PROJECT_VERSION = 1;
				DEVELOPMENT_TEAM = 768AGU35HV;
				GENERATE_INFOPLIST_FILE = YES;
				MARKETING_VERSION = 1.0;
				PRODUCT_BUNDLE_IDENTIFIER = com.digis.JarroyoEcomerceVentaUITests;
				PRODUCT_NAME = "$(TARGET_NAME)";
				SWIFT_EMIT_LOC_STRINGS = NO;
				SWIFT_VERSION = 5.0;
				TARGETED_DEVICE_FAMILY = "1,2";
				TEST_TARGET_NAME = JarroyoEcomerceVenta;
			};
			name = Debug;
		};
		16C50E462A26CCA300F50707 /* Release */ = {
			isa = XCBuildConfiguration;
			buildSettings = {
				CODE_SIGN_STYLE = Automatic;
				CURRENT_PROJECT_VERSION = 1;
				DEVELOPMENT_TEAM = 768AGU35HV;
				GENERATE_INFOPLIST_FILE = YES;
				MARKETING_VERSION = 1.0;
				PRODUCT_BUNDLE_IDENTIFIER = com.digis.JarroyoEcomerceVentaUITests;
				PRODUCT_NAME = "$(TARGET_NAME)";
				SWIFT_EMIT_LOC_STRINGS = NO;
				SWIFT_VERSION = 5.0;
				TARGETED_DEVICE_FAMILY = "1,2";
				TEST_TARGET_NAME = JarroyoEcomerceVenta;
			};
			name = Release;
		};
/* End XCBuildConfiguration section */

/* Begin XCConfigurationList section */
		1639B2B529FC28EC004A6C59 /* Build configuration list for PBXProject "JarroyoEcomerce" */ = {
			isa = XCConfigurationList;
			buildConfigurations = (
				1639B2CC29FC28F0004A6C59 /* Debug */,
				1639B2CD29FC28F0004A6C59 /* Release */,
			);
			defaultConfigurationIsVisible = 0;
			defaultConfigurationName = Release;
		};
		1639B2CE29FC28F0004A6C59 /* Build configuration list for PBXNativeTarget "JarroyoEcomerce" */ = {
			isa = XCConfigurationList;
			buildConfigurations = (
				1639B2CF29FC28F0004A6C59 /* Debug */,
				1639B2D029FC28F0004A6C59 /* Release */,
			);
			defaultConfigurationIsVisible = 0;
			defaultConfigurationName = Release;
		};
		16BC97272A20095F00EFCF17 /* Build configuration list for PBXNativeTarget "JarroyoEcomerceVenta" */ = {
			isa = XCConfigurationList;
			buildConfigurations = (
				16BC97252A20095F00EFCF17 /* Debug */,
				16BC97262A20095F00EFCF17 /* Release */,
			);
			defaultConfigurationIsVisible = 0;
			defaultConfigurationName = Release;
		};
		16C50E352A26896D00F50707 /* Build configuration list for PBXNativeTarget "JarroyoEcomerceVentaTests" */ = {
			isa = XCConfigurationList;
			buildConfigurations = (
				16C50E362A26896D00F50707 /* Debug */,
				16C50E372A26896D00F50707 /* Release */,
			);
			defaultConfigurationIsVisible = 0;
			defaultConfigurationName = Release;
		};
		16C50E442A26CCA300F50707 /* Build configuration list for PBXNativeTarget "JarroyoEcomerceVentaUITests" */ = {
			isa = XCConfigurationList;
			buildConfigurations = (
				16C50E452A26CCA300F50707 /* Debug */,
				16C50E462A26CCA300F50707 /* Release */,
			);
			defaultConfigurationIsVisible = 0;
			defaultConfigurationName = Release;
		};
/* End XCConfigurationList section */

/* Begin XCRemoteSwiftPackageReference section */
		16A717062A18284900336E4C /* XCRemoteSwiftPackageReference "firebase-ios-sdk" */ = {
			isa = XCRemoteSwiftPackageReference;
			repositoryURL = "https://github.com/firebase/firebase-ios-sdk.git";
			requirement = {
				kind = upToNextMajorVersion;
				minimumVersion = 9.0.0;
			};
		};
/* End XCRemoteSwiftPackageReference section */

/* Begin XCSwiftPackageProductDependency section */
		16A717072A18284900336E4C /* FirebaseAuth */ = {
			isa = XCSwiftPackageProductDependency;
			package = 16A717062A18284900336E4C /* XCRemoteSwiftPackageReference "firebase-ios-sdk" */;
			productName = FirebaseAuth;
		};
		16A717092A18284900336E4C /* FirebaseCrashlytics */ = {
			isa = XCSwiftPackageProductDependency;
			package = 16A717062A18284900336E4C /* XCRemoteSwiftPackageReference "firebase-ios-sdk" */;
			productName = FirebaseCrashlytics;
		};
		16A7170B2A18284900336E4C /* FirebaseStorage */ = {
			isa = XCSwiftPackageProductDependency;
			package = 16A717062A18284900336E4C /* XCRemoteSwiftPackageReference "firebase-ios-sdk" */;
			productName = FirebaseStorage;
		};
/* End XCSwiftPackageProductDependency section */

/* Begin XCVersionGroup section */
		16C29E682A215FCE000F85F7 /* JarroyoEcomerce.xcdatamodeld */ = {
			isa = XCVersionGroup;
			children = (
				16C29E692A215FCE000F85F7 /* JarroyoEcomerce.xcdatamodel */,
			);
			currentVersion = 16C29E692A215FCE000F85F7 /* JarroyoEcomerce.xcdatamodel */;
			path = JarroyoEcomerce.xcdatamodeld;
			sourceTree = "<group>";
			versionGroupType = wrapper.xcdatamodel;
		};
/* End XCVersionGroup section */
	};
	rootObject = 1639B2B229FC28EC004A6C59 /* Project object */;
}
