// !$*UTF8*$!
{
	archiveVersion = 1;
	classes = {
	};
	objectVersion = 56;
	objects = {

/* Begin PBXBuildFile section */
		1639B2BE29FC28EC004A6C59 /* AppDelegate.swift in Sources */ = {isa = PBXBuildFile; fileRef = 1639B2BD29FC28EC004A6C59 /* AppDelegate.swift */; };
		1639B2C029FC28EC004A6C59 /* SceneDelegate.swift in Sources */ = {isa = PBXBuildFile; fileRef = 1639B2BF29FC28EC004A6C59 /* SceneDelegate.swift */; };
		1639B2C229FC28EC004A6C59 /* ViewController.swift in Sources */ = {isa = PBXBuildFile; fileRef = 1639B2C129FC28EC004A6C59 /* ViewController.swift */; };
		1639B2C529FC28EC004A6C59 /* Main.storyboard in Resources */ = {isa = PBXBuildFile; fileRef = 1639B2C329FC28EC004A6C59 /* Main.storyboard */; };
		1639B2C729FC28F0004A6C59 /* Assets.xcassets in Resources */ = {isa = PBXBuildFile; fileRef = 1639B2C629FC28F0004A6C59 /* Assets.xcassets */; };
		1639B2CA29FC28F0004A6C59 /* LaunchScreen.storyboard in Resources */ = {isa = PBXBuildFile; fileRef = 1639B2C829FC28F0004A6C59 /* LaunchScreen.storyboard */; };
		165794E22A0BF80900D2FB17 /* RolCell.swift in Sources */ = {isa = PBXBuildFile; fileRef = 165794E02A0BF80900D2FB17 /* RolCell.swift */; };
		165794E32A0BF80900D2FB17 /* RolCell.xib in Resources */ = {isa = PBXBuildFile; fileRef = 165794E12A0BF80900D2FB17 /* RolCell.xib */; };
		165794E72A0C115800D2FB17 /* GetAllRolController.swift in Sources */ = {isa = PBXBuildFile; fileRef = 165794E62A0C115800D2FB17 /* GetAllRolController.swift */; };
		165D53662A043A0E00F945C3 /* UsuarioViewModel.swift in Sources */ = {isa = PBXBuildFile; fileRef = 165D53652A043A0E00F945C3 /* UsuarioViewModel.swift */; };
		168625012A0AFF3D00B2F175 /* Rol.swift in Sources */ = {isa = PBXBuildFile; fileRef = 168625002A0AFF3D00B2F175 /* Rol.swift */; };
		168625032A0B002A00B2F175 /* RolViewModel.swift in Sources */ = {isa = PBXBuildFile; fileRef = 168625022A0B002A00B2F175 /* RolViewModel.swift */; };
		168625082A0B15CE00B2F175 /* FormController.swift in Sources */ = {isa = PBXBuildFile; fileRef = 168625062A0B15CE00B2F175 /* FormController.swift */; };
		16888A1D2A01D965008E7157 /* Result.swift in Sources */ = {isa = PBXBuildFile; fileRef = 16888A1C2A01D965008E7157 /* Result.swift */; };
		168E19972A0DBF4600B6DFA8 /* iOSDropDown.framework in Frameworks */ = {isa = PBXBuildFile; fileRef = 168E19962A0DBF4600B6DFA8 /* iOSDropDown.framework */; };
		16A21DA829FC579400E05126 /* DBManager.swift in Sources */ = {isa = PBXBuildFile; fileRef = 16A21DA729FC579300E05126 /* DBManager.swift */; };
		16A21DAA29FC57BA00E05126 /* Usuario.swift in Sources */ = {isa = PBXBuildFile; fileRef = 16A21DA929FC57BA00E05126 /* Usuario.swift */; };
		16A717082A18284900336E4C /* FirebaseAuth in Frameworks */ = {isa = PBXBuildFile; productRef = 16A717072A18284900336E4C /* FirebaseAuth */; };
		16A7170A2A18284900336E4C /* FirebaseCrashlytics in Frameworks */ = {isa = PBXBuildFile; productRef = 16A717092A18284900336E4C /* FirebaseCrashlytics */; };
		16A7170C2A18284900336E4C /* FirebaseStorage in Frameworks */ = {isa = PBXBuildFile; productRef = 16A7170B2A18284900336E4C /* FirebaseStorage */; };
		16A7170E2A1829DA00336E4C /* GoogleService-Info.plist in Resources */ = {isa = PBXBuildFile; fileRef = 16A7170D2A1829DA00336E4C /* GoogleService-Info.plist */; };
		16A717102A1831C200336E4C /* imgfondo copy.jpeg in Resources */ = {isa = PBXBuildFile; fileRef = 16A7170F2A1831C200336E4C /* imgfondo copy.jpeg */; };
		16A717162A18367900336E4C /* user.png in Resources */ = {isa = PBXBuildFile; fileRef = 16A717152A18367900336E4C /* user.png */; };
		16B8A4602A1455CA0000E186 /* FormProductoController.swift in Sources */ = {isa = PBXBuildFile; fileRef = 16B8A45F2A1455CA0000E186 /* FormProductoController.swift */; };
		16B8A4622A1455F50000E186 /* GetAllProductoController.swift in Sources */ = {isa = PBXBuildFile; fileRef = 16B8A4612A1455F50000E186 /* GetAllProductoController.swift */; };
		16B8A4642A1458480000E186 /* ProductoViewModel.swift in Sources */ = {isa = PBXBuildFile; fileRef = 16B8A4632A1458480000E186 /* ProductoViewModel.swift */; };
		16D395632A02E7AE00C5E6C7 /* GetAllUsuarioController.swift in Sources */ = {isa = PBXBuildFile; fileRef = 16D395622A02E7AE00C5E6C7 /* GetAllUsuarioController.swift */; };
		16D3956A2A02EC7000C5E6C7 /* UsuarioCell.swift in Sources */ = {isa = PBXBuildFile; fileRef = 16D395682A02EC7000C5E6C7 /* UsuarioCell.swift */; };
		16D3956B2A02EC7000C5E6C7 /* UsuarioCell.xib in Resources */ = {isa = PBXBuildFile; fileRef = 16D395692A02EC7000C5E6C7 /* UsuarioCell.xib */; };
		16E9FB6B2A14383A00C2F732 /* Area.swift in Sources */ = {isa = PBXBuildFile; fileRef = 16E9FB6A2A14383A00C2F732 /* Area.swift */; };
		16E9FB6D2A14388300C2F732 /* Departamento.swift in Sources */ = {isa = PBXBuildFile; fileRef = 16E9FB6C2A14388300C2F732 /* Departamento.swift */; };
		16E9FB6F2A1438F300C2F732 /* Proveedor.swift in Sources */ = {isa = PBXBuildFile; fileRef = 16E9FB6E2A1438F300C2F732 /* Proveedor.swift */; };
		16E9FB712A14392B00C2F732 /* Producto.swift in Sources */ = {isa = PBXBuildFile; fileRef = 16E9FB702A14392B00C2F732 /* Producto.swift */; };
		16E9FB742A143A9100C2F732 /* ProductoCell.swift in Sources */ = {isa = PBXBuildFile; fileRef = 16E9FB722A143A9100C2F732 /* ProductoCell.swift */; };
		16E9FB752A143A9100C2F732 /* ProductoCell.xib in Resources */ = {isa = PBXBuildFile; fileRef = 16E9FB732A143A9100C2F732 /* ProductoCell.xib */; };
		4EEB47BA2F3E54BF80D582BA /* Pods_JarroyoEcomerce.framework in Frameworks */ = {isa = PBXBuildFile; fileRef = 6AD49DAB106521AD28D70B33 /* Pods_JarroyoEcomerce.framework */; };
/* End PBXBuildFile section */

/* Begin PBXFileReference section */
		1639B2BA29FC28EC004A6C59 /* JarroyoEcomerce.app */ = {isa = PBXFileReference; explicitFileType = wrapper.application; includeInIndex = 0; path = JarroyoEcomerce.app; sourceTree = BUILT_PRODUCTS_DIR; };
		1639B2BD29FC28EC004A6C59 /* AppDelegate.swift */ = {isa = PBXFileReference; lastKnownFileType = sourcecode.swift; path = AppDelegate.swift; sourceTree = "<group>"; };
		1639B2BF29FC28EC004A6C59 /* SceneDelegate.swift */ = {isa = PBXFileReference; lastKnownFileType = sourcecode.swift; path = SceneDelegate.swift; sourceTree = "<group>"; };
		1639B2C129FC28EC004A6C59 /* ViewController.swift */ = {isa = PBXFileReference; lastKnownFileType = sourcecode.swift; path = ViewController.swift; sourceTree = "<group>"; };
		1639B2C429FC28EC004A6C59 /* Base */ = {isa = PBXFileReference; lastKnownFileType = file.storyboard; name = Base; path = Base.lproj/Main.storyboard; sourceTree = "<group>"; };
		1639B2C629FC28F0004A6C59 /* Assets.xcassets */ = {isa = PBXFileReference; lastKnownFileType = folder.assetcatalog; path = Assets.xcassets; sourceTree = "<group>"; };
		1639B2C929FC28F0004A6C59 /* Base */ = {isa = PBXFileReference; lastKnownFileType = file.storyboard; name = Base; path = Base.lproj/LaunchScreen.storyboard; sourceTree = "<group>"; };
		1639B2CB29FC28F0004A6C59 /* Info.plist */ = {isa = PBXFileReference; lastKnownFileType = text.plist.xml; path = Info.plist; sourceTree = "<group>"; };
		165794E02A0BF80900D2FB17 /* RolCell.swift */ = {isa = PBXFileReference; lastKnownFileType = sourcecode.swift; path = RolCell.swift; sourceTree = "<group>"; };
		165794E12A0BF80900D2FB17 /* RolCell.xib */ = {isa = PBXFileReference; lastKnownFileType = file.xib; path = RolCell.xib; sourceTree = "<group>"; };
		165794E62A0C115800D2FB17 /* GetAllRolController.swift */ = {isa = PBXFileReference; lastKnownFileType = sourcecode.swift; path = GetAllRolController.swift; sourceTree = "<group>"; };
		165D53652A043A0E00F945C3 /* UsuarioViewModel.swift */ = {isa = PBXFileReference; lastKnownFileType = sourcecode.swift; path = UsuarioViewModel.swift; sourceTree = "<group>"; };
		168625002A0AFF3D00B2F175 /* Rol.swift */ = {isa = PBXFileReference; lastKnownFileType = sourcecode.swift; path = Rol.swift; sourceTree = "<group>"; };
		168625022A0B002A00B2F175 /* RolViewModel.swift */ = {isa = PBXFileReference; lastKnownFileType = sourcecode.swift; path = RolViewModel.swift; sourceTree = "<group>"; };
		168625062A0B15CE00B2F175 /* FormController.swift */ = {isa = PBXFileReference; lastKnownFileType = sourcecode.swift; path = FormController.swift; sourceTree = "<group>"; };
		16888A1C2A01D965008E7157 /* Result.swift */ = {isa = PBXFileReference; lastKnownFileType = sourcecode.swift; path = Result.swift; sourceTree = "<group>"; };
		168E19962A0DBF4600B6DFA8 /* iOSDropDown.framework */ = {isa = PBXFileReference; explicitFileType = wrapper.framework; path = iOSDropDown.framework; sourceTree = BUILT_PRODUCTS_DIR; };
		16A21DA729FC579300E05126 /* DBManager.swift */ = {isa = PBXFileReference; lastKnownFileType = sourcecode.swift; path = DBManager.swift; sourceTree = "<group>"; };
		16A21DA929FC57BA00E05126 /* Usuario.swift */ = {isa = PBXFileReference; lastKnownFileType = sourcecode.swift; path = Usuario.swift; sourceTree = "<group>"; };
		16A7170D2A1829DA00336E4C /* GoogleService-Info.plist */ = {isa = PBXFileReference; fileEncoding = 4; lastKnownFileType = text.plist.xml; path = "GoogleService-Info.plist"; sourceTree = "<group>"; };
		16A7170F2A1831C200336E4C /* imgfondo copy.jpeg */ = {isa = PBXFileReference; lastKnownFileType = image.jpeg; path = "imgfondo copy.jpeg"; sourceTree = "<group>"; };
		16A717152A18367900336E4C /* user.png */ = {isa = PBXFileReference; lastKnownFileType = image.png; path = user.png; sourceTree = "<group>"; };
		16B8A45F2A1455CA0000E186 /* FormProductoController.swift */ = {isa = PBXFileReference; lastKnownFileType = sourcecode.swift; path = FormProductoController.swift; sourceTree = "<group>"; };
		16B8A4612A1455F50000E186 /* GetAllProductoController.swift */ = {isa = PBXFileReference; lastKnownFileType = sourcecode.swift; path = GetAllProductoController.swift; sourceTree = "<group>"; };
		16B8A4632A1458480000E186 /* ProductoViewModel.swift */ = {isa = PBXFileReference; lastKnownFileType = sourcecode.swift; path = ProductoViewModel.swift; sourceTree = "<group>"; };
		16D395622A02E7AE00C5E6C7 /* GetAllUsuarioController.swift */ = {isa = PBXFileReference; lastKnownFileType = sourcecode.swift; path = GetAllUsuarioController.swift; sourceTree = "<group>"; };
		16D395682A02EC7000C5E6C7 /* UsuarioCell.swift */ = {isa = PBXFileReference; lastKnownFileType = sourcecode.swift; path = UsuarioCell.swift; sourceTree = "<group>"; };
		16D395692A02EC7000C5E6C7 /* UsuarioCell.xib */ = {isa = PBXFileReference; lastKnownFileType = file.xib; path = UsuarioCell.xib; sourceTree = "<group>"; };
		16E9FB6A2A14383A00C2F732 /* Area.swift */ = {isa = PBXFileReference; lastKnownFileType = sourcecode.swift; path = Area.swift; sourceTree = "<group>"; };
		16E9FB6C2A14388300C2F732 /* Departamento.swift */ = {isa = PBXFileReference; lastKnownFileType = sourcecode.swift; path = Departamento.swift; sourceTree = "<group>"; };
		16E9FB6E2A1438F300C2F732 /* Proveedor.swift */ = {isa = PBXFileReference; lastKnownFileType = sourcecode.swift; path = Proveedor.swift; sourceTree = "<group>"; };
		16E9FB702A14392B00C2F732 /* Producto.swift */ = {isa = PBXFileReference; lastKnownFileType = sourcecode.swift; path = Producto.swift; sourceTree = "<group>"; };
		16E9FB722A143A9100C2F732 /* ProductoCell.swift */ = {isa = PBXFileReference; lastKnownFileType = sourcecode.swift; path = ProductoCell.swift; sourceTree = "<group>"; };
		16E9FB732A143A9100C2F732 /* ProductoCell.xib */ = {isa = PBXFileReference; lastKnownFileType = file.xib; path = ProductoCell.xib; sourceTree = "<group>"; };
		631066FA1E9D5CFB4D20EA3E /* Pods-JarroyoEcomerce.debug.xcconfig */ = {isa = PBXFileReference; includeInIndex = 1; lastKnownFileType = text.xcconfig; name = "Pods-JarroyoEcomerce.debug.xcconfig"; path = "Target Support Files/Pods-JarroyoEcomerce/Pods-JarroyoEcomerce.debug.xcconfig"; sourceTree = "<group>"; };
		6AD49DAB106521AD28D70B33 /* Pods_JarroyoEcomerce.framework */ = {isa = PBXFileReference; explicitFileType = wrapper.framework; includeInIndex = 0; path = Pods_JarroyoEcomerce.framework; sourceTree = BUILT_PRODUCTS_DIR; };
		8DB172B699A9F7620D13FFCC /* Pods-JarroyoEcomerce.release.xcconfig */ = {isa = PBXFileReference; includeInIndex = 1; lastKnownFileType = text.xcconfig; name = "Pods-JarroyoEcomerce.release.xcconfig"; path = "Target Support Files/Pods-JarroyoEcomerce/Pods-JarroyoEcomerce.release.xcconfig"; sourceTree = "<group>"; };
/* End PBXFileReference section */

/* Begin PBXFrameworksBuildPhase section */
		1639B2B729FC28EC004A6C59 /* Frameworks */ = {
			isa = PBXFrameworksBuildPhase;
			buildActionMask = 2147483647;
			files = (
				168E19972A0DBF4600B6DFA8 /* iOSDropDown.framework in Frameworks */,
				16A7170A2A18284900336E4C /* FirebaseCrashlytics in Frameworks */,
				16A717082A18284900336E4C /* FirebaseAuth in Frameworks */,
				16A7170C2A18284900336E4C /* FirebaseStorage in Frameworks */,
				4EEB47BA2F3E54BF80D582BA /* Pods_JarroyoEcomerce.framework in Frameworks */,
			);
			runOnlyForDeploymentPostprocessing = 0;
		};
/* End PBXFrameworksBuildPhase section */

/* Begin PBXGroup section */
		1639B2B129FC28EC004A6C59 = {
			isa = PBXGroup;
			children = (
				16A717152A18367900336E4C /* user.png */,
				16A7170F2A1831C200336E4C /* imgfondo copy.jpeg */,
				1639B2BC29FC28EC004A6C59 /* JarroyoEcomerce */,
				1639B2BB29FC28EC004A6C59 /* Products */,
				D45B0B2D0DFED077D3C7C8AB /* Pods */,
				A887125D8774580453BEB522 /* Frameworks */,
			);
			sourceTree = "<group>";
		};
		1639B2BB29FC28EC004A6C59 /* Products */ = {
			isa = PBXGroup;
			children = (
				1639B2BA29FC28EC004A6C59 /* JarroyoEcomerce.app */,
			);
			name = Products;
			sourceTree = "<group>";
		};
		1639B2BC29FC28EC004A6C59 /* JarroyoEcomerce */ = {
			isa = PBXGroup;
			children = (
				165D53632A04380E00F945C3 /* Util */,
				165D53622A04380200F945C3 /* Controller */,
				165D53612A0437E400F945C3 /* ViewModel */,
				165D53602A0437DA00F945C3 /* View */,
				165D535F2A0437CD00F945C3 /* Model */,
				1639B2BD29FC28EC004A6C59 /* AppDelegate.swift */,
				1639B2BF29FC28EC004A6C59 /* SceneDelegate.swift */,
				16A7170D2A1829DA00336E4C /* GoogleService-Info.plist */,
				1639B2C629FC28F0004A6C59 /* Assets.xcassets */,
				1639B2CB29FC28F0004A6C59 /* Info.plist */,
			);
			path = JarroyoEcomerce;
			sourceTree = "<group>";
		};
		163A97212A0AF56B00AAE04C /* Rol */ = {
			isa = PBXGroup;
			children = (
				168625062A0B15CE00B2F175 /* FormController.swift */,
				165794E62A0C115800D2FB17 /* GetAllRolController.swift */,
			);
			path = Rol;
			sourceTree = "<group>";
		};
		165D535F2A0437CD00F945C3 /* Model */ = {
			isa = PBXGroup;
			children = (
				16888A1C2A01D965008E7157 /* Result.swift */,
				16A21DA929FC57BA00E05126 /* Usuario.swift */,
				168625002A0AFF3D00B2F175 /* Rol.swift */,
				16E9FB6A2A14383A00C2F732 /* Area.swift */,
				16E9FB6C2A14388300C2F732 /* Departamento.swift */,
				16E9FB6E2A1438F300C2F732 /* Proveedor.swift */,
				16E9FB702A14392B00C2F732 /* Producto.swift */,
			);
			path = Model;
			sourceTree = "<group>";
		};
		165D53602A0437DA00F945C3 /* View */ = {
			isa = PBXGroup;
			children = (
				165D53672A043B2000F945C3 /* Cell */,
				1639B2C329FC28EC004A6C59 /* Main.storyboard */,
				1639B2C829FC28F0004A6C59 /* LaunchScreen.storyboard */,
			);
			path = View;
			sourceTree = "<group>";
		};
		165D53612A0437E400F945C3 /* ViewModel */ = {
			isa = PBXGroup;
			children = (
				165D53652A043A0E00F945C3 /* UsuarioViewModel.swift */,
				168625022A0B002A00B2F175 /* RolViewModel.swift */,
				16B8A4632A1458480000E186 /* ProductoViewModel.swift */,
			);
			path = ViewModel;
			sourceTree = "<group>";
		};
		165D53622A04380200F945C3 /* Controller */ = {
			isa = PBXGroup;
			children = (
				16B8A45A2A1452BF0000E186 /* Producto */,
				163A97212A0AF56B00AAE04C /* Rol */,
				165D53642A04383600F945C3 /* Usuario */,
			);
			path = Controller;
			sourceTree = "<group>";
		};
		165D53632A04380E00F945C3 /* Util */ = {
			isa = PBXGroup;
			children = (
				16A21DA729FC579300E05126 /* DBManager.swift */,
			);
			path = Util;
			sourceTree = "<group>";
		};
		165D53642A04383600F945C3 /* Usuario */ = {
			isa = PBXGroup;
			children = (
				1639B2C129FC28EC004A6C59 /* ViewController.swift */,
				16D395622A02E7AE00C5E6C7 /* GetAllUsuarioController.swift */,
			);
			path = Usuario;
			sourceTree = "<group>";
		};
		165D53672A043B2000F945C3 /* Cell */ = {
			isa = PBXGroup;
			children = (
				16D395692A02EC7000C5E6C7 /* UsuarioCell.xib */,
				16D395682A02EC7000C5E6C7 /* UsuarioCell.swift */,
				165794E02A0BF80900D2FB17 /* RolCell.swift */,
				165794E12A0BF80900D2FB17 /* RolCell.xib */,
				16E9FB722A143A9100C2F732 /* ProductoCell.swift */,
				16E9FB732A143A9100C2F732 /* ProductoCell.xib */,
			);
			path = Cell;
			sourceTree = "<group>";
		};
		16B8A45A2A1452BF0000E186 /* Producto */ = {
			isa = PBXGroup;
			children = (
				16B8A45F2A1455CA0000E186 /* FormProductoController.swift */,
				16B8A4612A1455F50000E186 /* GetAllProductoController.swift */,
			);
			path = Producto;
			sourceTree = "<group>";
		};
		A887125D8774580453BEB522 /* Frameworks */ = {
			isa = PBXGroup;
			children = (
				168E19962A0DBF4600B6DFA8 /* iOSDropDown.framework */,
				6AD49DAB106521AD28D70B33 /* Pods_JarroyoEcomerce.framework */,
			);
			name = Frameworks;
			sourceTree = "<group>";
		};
		D45B0B2D0DFED077D3C7C8AB /* Pods */ = {
			isa = PBXGroup;
			children = (
				631066FA1E9D5CFB4D20EA3E /* Pods-JarroyoEcomerce.debug.xcconfig */,
				8DB172B699A9F7620D13FFCC /* Pods-JarroyoEcomerce.release.xcconfig */,
			);
			path = Pods;
			sourceTree = "<group>";
		};
/* End PBXGroup section */

/* Begin PBXNativeTarget section */
		1639B2B929FC28EC004A6C59 /* JarroyoEcomerce */ = {
			isa = PBXNativeTarget;
			buildConfigurationList = 1639B2CE29FC28F0004A6C59 /* Build configuration list for PBXNativeTarget "JarroyoEcomerce" */;
			buildPhases = (
				ED0D2C7FA9C18029332855F8 /* [CP] Check Pods Manifest.lock */,
				1639B2B629FC28EC004A6C59 /* Sources */,
				1639B2B729FC28EC004A6C59 /* Frameworks */,
				1639B2B829FC28EC004A6C59 /* Resources */,
				32FE818F31479A926BAE574D /* [CP] Embed Pods Frameworks */,
			);
			buildRules = (
			);
			dependencies = (
			);
			name = JarroyoEcomerce;
			packageProductDependencies = (
				16A717072A18284900336E4C /* FirebaseAuth */,
				16A717092A18284900336E4C /* FirebaseCrashlytics */,
				16A7170B2A18284900336E4C /* FirebaseStorage */,
			);
			productName = JarroyoEcomerce;
			productReference = 1639B2BA29FC28EC004A6C59 /* JarroyoEcomerce.app */;
			productType = "com.apple.product-type.application";
		};
/* End PBXNativeTarget section */

/* Begin PBXProject section */
		1639B2B229FC28EC004A6C59 /* Project object */ = {
			isa = PBXProject;
			attributes = {
				BuildIndependentTargetsInParallel = 1;
				LastSwiftUpdateCheck = 1410;
				LastUpgradeCheck = 1410;
				TargetAttributes = {
					1639B2B929FC28EC004A6C59 = {
						CreatedOnToolsVersion = 14.1;
					};
				};
			};
			buildConfigurationList = 1639B2B529FC28EC004A6C59 /* Build configuration list for PBXProject "JarroyoEcomerce" */;
			compatibilityVersion = "Xcode 14.0";
			developmentRegion = en;
			hasScannedForEncodings = 0;
			knownRegions = (
				en,
				Base,
			);
			mainGroup = 1639B2B129FC28EC004A6C59;
			packageReferences = (
				16A717062A18284900336E4C /* XCRemoteSwiftPackageReference "firebase-ios-sdk" */,
			);
			productRefGroup = 1639B2BB29FC28EC004A6C59 /* Products */;
			projectDirPath = "";
			projectRoot = "";
			targets = (
				1639B2B929FC28EC004A6C59 /* JarroyoEcomerce */,
			);
		};
/* End PBXProject section */

/* Begin PBXResourcesBuildPhase section */
		1639B2B829FC28EC004A6C59 /* Resources */ = {
			isa = PBXResourcesBuildPhase;
			buildActionMask = 2147483647;
			files = (
				16D3956B2A02EC7000C5E6C7 /* UsuarioCell.xib in Resources */,
				1639B2CA29FC28F0004A6C59 /* LaunchScreen.storyboard in Resources */,
				16A717162A18367900336E4C /* user.png in Resources */,
				1639B2C729FC28F0004A6C59 /* Assets.xcassets in Resources */,
				165794E32A0BF80900D2FB17 /* RolCell.xib in Resources */,
				16A717102A1831C200336E4C /* imgfondo copy.jpeg in Resources */,
				1639B2C529FC28EC004A6C59 /* Main.storyboard in Resources */,
				16E9FB752A143A9100C2F732 /* ProductoCell.xib in Resources */,
				16A7170E2A1829DA00336E4C /* GoogleService-Info.plist in Resources */,
			);
			runOnlyForDeploymentPostprocessing = 0;
		};
/* End PBXResourcesBuildPhase section */

/* Begin PBXShellScriptBuildPhase section */
		32FE818F31479A926BAE574D /* [CP] Embed Pods Frameworks */ = {
			isa = PBXShellScriptBuildPhase;
			buildActionMask = 2147483647;
			files = (
			);
			inputFileListPaths = (
				"${PODS_ROOT}/Target Support Files/Pods-JarroyoEcomerce/Pods-JarroyoEcomerce-frameworks-${CONFIGURATION}-input-files.xcfilelist",
			);
			name = "[CP] Embed Pods Frameworks";
			outputFileListPaths = (
				"${PODS_ROOT}/Target Support Files/Pods-JarroyoEcomerce/Pods-JarroyoEcomerce-frameworks-${CONFIGURATION}-output-files.xcfilelist",
			);
			runOnlyForDeploymentPostprocessing = 0;
			shellPath = /bin/sh;
			shellScript = "\"${PODS_ROOT}/Target Support Files/Pods-JarroyoEcomerce/Pods-JarroyoEcomerce-frameworks.sh\"\n";
			showEnvVarsInLog = 0;
		};
		ED0D2C7FA9C18029332855F8 /* [CP] Check Pods Manifest.lock */ = {
			isa = PBXShellScriptBuildPhase;
			buildActionMask = 2147483647;
			files = (
			);
			inputFileListPaths = (
			);
			inputPaths = (
				"${PODS_PODFILE_DIR_PATH}/Podfile.lock",
				"${PODS_ROOT}/Manifest.lock",
			);
			name = "[CP] Check Pods Manifest.lock";
			outputFileListPaths = (
			);
			outputPaths = (
				"$(DERIVED_FILE_DIR)/Pods-JarroyoEcomerce-checkManifestLockResult.txt",
			);
			runOnlyForDeploymentPostprocessing = 0;
			shellPath = /bin/sh;
			shellScript = "diff \"${PODS_PODFILE_DIR_PATH}/Podfile.lock\" \"${PODS_ROOT}/Manifest.lock\" > /dev/null\nif [ $? != 0 ] ; then\n    # print error to STDERR\n    echo \"error: The sandbox is not in sync with the Podfile.lock. Run 'pod install' or update your CocoaPods installation.\" >&2\n    exit 1\nfi\n# This output is used by Xcode 'outputs' to avoid re-running this script phase.\necho \"SUCCESS\" > \"${SCRIPT_OUTPUT_FILE_0}\"\n";
			showEnvVarsInLog = 0;
		};
/* End PBXShellScriptBuildPhase section */

/* Begin PBXSourcesBuildPhase section */
		1639B2B629FC28EC004A6C59 /* Sources */ = {
			isa = PBXSourcesBuildPhase;
			buildActionMask = 2147483647;
			files = (
				16888A1D2A01D965008E7157 /* Result.swift in Sources */,
				16E9FB6D2A14388300C2F732 /* Departamento.swift in Sources */,
				1639B2C229FC28EC004A6C59 /* ViewController.swift in Sources */,
				16B8A4622A1455F50000E186 /* GetAllProductoController.swift in Sources */,
				16E9FB6F2A1438F300C2F732 /* Proveedor.swift in Sources */,
				16D395632A02E7AE00C5E6C7 /* GetAllUsuarioController.swift in Sources */,
				168625082A0B15CE00B2F175 /* FormController.swift in Sources */,
				168625012A0AFF3D00B2F175 /* Rol.swift in Sources */,
				1639B2BE29FC28EC004A6C59 /* AppDelegate.swift in Sources */,
				165794E72A0C115800D2FB17 /* GetAllRolController.swift in Sources */,
				16E9FB712A14392B00C2F732 /* Producto.swift in Sources */,
				168625032A0B002A00B2F175 /* RolViewModel.swift in Sources */,
				16D3956A2A02EC7000C5E6C7 /* UsuarioCell.swift in Sources */,
				1639B2C029FC28EC004A6C59 /* SceneDelegate.swift in Sources */,
				16E9FB6B2A14383A00C2F732 /* Area.swift in Sources */,
				165794E22A0BF80900D2FB17 /* RolCell.swift in Sources */,
				165D53662A043A0E00F945C3 /* UsuarioViewModel.swift in Sources */,
				16A21DAA29FC57BA00E05126 /* Usuario.swift in Sources */,
				16E9FB742A143A9100C2F732 /* ProductoCell.swift in Sources */,
				16A21DA829FC579400E05126 /* DBManager.swift in Sources */,
				16B8A4642A1458480000E186 /* ProductoViewModel.swift in Sources */,
				16B8A4602A1455CA0000E186 /* FormProductoController.swift in Sources */,
			);
			runOnlyForDeploymentPostprocessing = 0;
		};
/* End PBXSourcesBuildPhase section */

/* Begin PBXVariantGroup section */
		1639B2C329FC28EC004A6C59 /* Main.storyboard */ = {
			isa = PBXVariantGroup;
			children = (
				1639B2C429FC28EC004A6C59 /* Base */,
			);
			name = Main.storyboard;
			sourceTree = "<group>";
		};
		1639B2C829FC28F0004A6C59 /* LaunchScreen.storyboard */ = {
			isa = PBXVariantGroup;
			children = (
				1639B2C929FC28F0004A6C59 /* Base */,
			);
			name = LaunchScreen.storyboard;
			sourceTree = "<group>";
		};
/* End PBXVariantGroup section */

/* Begin XCBuildConfiguration section */
		1639B2CC29FC28F0004A6C59 /* Debug */ = {
			isa = XCBuildConfiguration;
			buildSettings = {
				ALWAYS_SEARCH_USER_PATHS = NO;
				CLANG_ANALYZER_NONNULL = YES;
				CLANG_ANALYZER_NUMBER_OBJECT_CONVERSION = YES_AGGRESSIVE;
				CLANG_CXX_LANGUAGE_STANDARD = "gnu++20";
				CLANG_ENABLE_MODULES = YES;
				CLANG_ENABLE_OBJC_ARC = YES;
				CLANG_ENABLE_OBJC_WEAK = YES;
				CLANG_WARN_BLOCK_CAPTURE_AUTORELEASING = YES;
				CLANG_WARN_BOOL_CONVERSION = YES;
				CLANG_WARN_COMMA = YES;
				CLANG_WARN_CONSTANT_CONVERSION = YES;
				CLANG_WARN_DEPRECATED_OBJC_IMPLEMENTATIONS = YES;
				CLANG_WARN_DIRECT_OBJC_ISA_USAGE = YES_ERROR;
				CLANG_WARN_DOCUMENTATION_COMMENTS = YES;
				CLANG_WARN_EMPTY_BODY = YES;
				CLANG_WARN_ENUM_CONVERSION = YES;
				CLANG_WARN_INFINITE_RECURSION = YES;
				CLANG_WARN_INT_CONVERSION = YES;
				CLANG_WARN_NON_LITERAL_NULL_CONVERSION = YES;
				CLANG_WARN_OBJC_IMPLICIT_RETAIN_SELF = YES;
				CLANG_WARN_OBJC_LITERAL_CONVERSION = YES;
				CLANG_WARN_OBJC_ROOT_CLASS = YES_ERROR;
				CLANG_WARN_QUOTED_INCLUDE_IN_FRAMEWORK_HEADER = YES;
				CLANG_WARN_RANGE_LOOP_ANALYSIS = YES;
				CLANG_WARN_STRICT_PROTOTYPES = YES;
				CLANG_WARN_SUSPICIOUS_MOVE = YES;
				CLANG_WARN_UNGUARDED_AVAILABILITY = YES_AGGRESSIVE;
				CLANG_WARN_UNREACHABLE_CODE = YES;
				CLANG_WARN__DUPLICATE_METHOD_MATCH = YES;
				COPY_PHASE_STRIP = NO;
				DEBUG_INFORMATION_FORMAT = dwarf;
				ENABLE_STRICT_OBJC_MSGSEND = YES;
				ENABLE_TESTABILITY = YES;
				GCC_C_LANGUAGE_STANDARD = gnu11;
				GCC_DYNAMIC_NO_PIC = NO;
				GCC_NO_COMMON_BLOCKS = YES;
				GCC_OPTIMIZATION_LEVEL = 0;
				GCC_PREPROCESSOR_DEFINITIONS = (
					"DEBUG=1",
					"$(inherited)",
				);
				GCC_WARN_64_TO_32_BIT_CONVERSION = YES;
				GCC_WARN_ABOUT_RETURN_TYPE = YES_ERROR;
				GCC_WARN_UNDECLARED_SELECTOR = YES;
				GCC_WARN_UNINITIALIZED_AUTOS = YES_AGGRESSIVE;
				GCC_WARN_UNUSED_FUNCTION = YES;
				GCC_WARN_UNUSED_VARIABLE = YES;
				IPHONEOS_DEPLOYMENT_TARGET = 16.1;
				MTL_ENABLE_DEBUG_INFO = INCLUDE_SOURCE;
				MTL_FAST_MATH = YES;
				ONLY_ACTIVE_ARCH = YES;
				SDKROOT = iphoneos;
				SWIFT_ACTIVE_COMPILATION_CONDITIONS = DEBUG;
				SWIFT_OPTIMIZATION_LEVEL = "-Onone";
			};
			name = Debug;
		};
		1639B2CD29FC28F0004A6C59 /* Release */ = {
			isa = XCBuildConfiguration;
			buildSettings = {
				ALWAYS_SEARCH_USER_PATHS = NO;
				CLANG_ANALYZER_NONNULL = YES;
				CLANG_ANALYZER_NUMBER_OBJECT_CONVERSION = YES_AGGRESSIVE;
				CLANG_CXX_LANGUAGE_STANDARD = "gnu++20";
				CLANG_ENABLE_MODULES = YES;
				CLANG_ENABLE_OBJC_ARC = YES;
				CLANG_ENABLE_OBJC_WEAK = YES;
				CLANG_WARN_BLOCK_CAPTURE_AUTORELEASING = YES;
				CLANG_WARN_BOOL_CONVERSION = YES;
				CLANG_WARN_COMMA = YES;
				CLANG_WARN_CONSTANT_CONVERSION = YES;
				CLANG_WARN_DEPRECATED_OBJC_IMPLEMENTATIONS = YES;
				CLANG_WARN_DIRECT_OBJC_ISA_USAGE = YES_ERROR;
				CLANG_WARN_DOCUMENTATION_COMMENTS = YES;
				CLANG_WARN_EMPTY_BODY = YES;
				CLANG_WARN_ENUM_CONVERSION = YES;
				CLANG_WARN_INFINITE_RECURSION = YES;
				CLANG_WARN_INT_CONVERSION = YES;
				CLANG_WARN_NON_LITERAL_NULL_CONVERSION = YES;
				CLANG_WARN_OBJC_IMPLICIT_RETAIN_SELF = YES;
				CLANG_WARN_OBJC_LITERAL_CONVERSION = YES;
				CLANG_WARN_OBJC_ROOT_CLASS = YES_ERROR;
				CLANG_WARN_QUOTED_INCLUDE_IN_FRAMEWORK_HEADER = YES;
				CLANG_WARN_RANGE_LOOP_ANALYSIS = YES;
				CLANG_WARN_STRICT_PROTOTYPES = YES;
				CLANG_WARN_SUSPICIOUS_MOVE = YES;
				CLANG_WARN_UNGUARDED_AVAILABILITY = YES_AGGRESSIVE;
				CLANG_WARN_UNREACHABLE_CODE = YES;
				CLANG_WARN__DUPLICATE_METHOD_MATCH = YES;
				COPY_PHASE_STRIP = NO;
				DEBUG_INFORMATION_FORMAT = "dwarf-with-dsym";
				ENABLE_NS_ASSERTIONS = NO;
				ENABLE_STRICT_OBJC_MSGSEND = YES;
				GCC_C_LANGUAGE_STANDARD = gnu11;
				GCC_NO_COMMON_BLOCKS = YES;
				GCC_WARN_64_TO_32_BIT_CONVERSION = YES;
				GCC_WARN_ABOUT_RETURN_TYPE = YES_ERROR;
				GCC_WARN_UNDECLARED_SELECTOR = YES;
				GCC_WARN_UNINITIALIZED_AUTOS = YES_AGGRESSIVE;
				GCC_WARN_UNUSED_FUNCTION = YES;
				GCC_WARN_UNUSED_VARIABLE = YES;
				IPHONEOS_DEPLOYMENT_TARGET = 16.1;
				MTL_ENABLE_DEBUG_INFO = NO;
				MTL_FAST_MATH = YES;
				SDKROOT = iphoneos;
				SWIFT_COMPILATION_MODE = wholemodule;
				SWIFT_OPTIMIZATION_LEVEL = "-O";
				VALIDATE_PRODUCT = YES;
			};
			name = Release;
		};
		1639B2CF29FC28F0004A6C59 /* Debug */ = {
			isa = XCBuildConfiguration;
			baseConfigurationReference = 631066FA1E9D5CFB4D20EA3E /* Pods-JarroyoEcomerce.debug.xcconfig */;
			buildSettings = {
				ASSETCATALOG_COMPILER_APPICON_NAME = AppIcon;
				ASSETCATALOG_COMPILER_GLOBAL_ACCENT_COLOR_NAME = AccentColor;
				CODE_SIGN_STYLE = Automatic;
				CURRENT_PROJECT_VERSION = 1;
				DEVELOPMENT_TEAM = 768AGU35HV;
				GENERATE_INFOPLIST_FILE = YES;
				INFOPLIST_FILE = JarroyoEcomerce/Info.plist;
				INFOPLIST_KEY_UIApplicationSupportsIndirectInputEvents = YES;
				INFOPLIST_KEY_UILaunchStoryboardName = LaunchScreen;
				INFOPLIST_KEY_UIMainStoryboardFile = Main;
				INFOPLIST_KEY_UISupportedInterfaceOrientations_iPad = "UIInterfaceOrientationPortrait UIInterfaceOrientationPortraitUpsideDown UIInterfaceOrientationLandscapeLeft UIInterfaceOrientationLandscapeRight";
				INFOPLIST_KEY_UISupportedInterfaceOrientations_iPhone = "UIInterfaceOrientationPortrait UIInterfaceOrientationLandscapeLeft UIInterfaceOrientationLandscapeRight";
				LD_RUNPATH_SEARCH_PATHS = (
					"$(inherited)",
					"@executable_path/Frameworks",
				);
				MARKETING_VERSION = 1.0;
				PRODUCT_BUNDLE_IDENTIFIER = com.digis.JarroyoEcomerce;
				PRODUCT_NAME = "$(TARGET_NAME)";
				SWIFT_EMIT_LOC_STRINGS = YES;
				SWIFT_VERSION = 5.0;
				TARGETED_DEVICE_FAMILY = "1,2";
			};
			name = Debug;
		};
		1639B2D029FC28F0004A6C59 /* Release */ = {
			isa = XCBuildConfiguration;
			baseConfigurationReference = 8DB172B699A9F7620D13FFCC /* Pods-JarroyoEcomerce.release.xcconfig */;
			buildSettings = {
				ASSETCATALOG_COMPILER_APPICON_NAME = AppIcon;
				ASSETCATALOG_COMPILER_GLOBAL_ACCENT_COLOR_NAME = AccentColor;
				CODE_SIGN_STYLE = Automatic;
				CURRENT_PROJECT_VERSION = 1;
				DEVELOPMENT_TEAM = 768AGU35HV;
				GENERATE_INFOPLIST_FILE = YES;
				INFOPLIST_FILE = JarroyoEcomerce/Info.plist;
				INFOPLIST_KEY_UIApplicationSupportsIndirectInputEvents = YES;
				INFOPLIST_KEY_UILaunchStoryboardName = LaunchScreen;
				INFOPLIST_KEY_UIMainStoryboardFile = Main;
				INFOPLIST_KEY_UISupportedInterfaceOrientations_iPad = "UIInterfaceOrientationPortrait UIInterfaceOrientationPortraitUpsideDown UIInterfaceOrientationLandscapeLeft UIInterfaceOrientationLandscapeRight";
				INFOPLIST_KEY_UISupportedInterfaceOrientations_iPhone = "UIInterfaceOrientationPortrait UIInterfaceOrientationLandscapeLeft UIInterfaceOrientationLandscapeRight";
				LD_RUNPATH_SEARCH_PATHS = (
					"$(inherited)",
					"@executable_path/Frameworks",
				);
				MARKETING_VERSION = 1.0;
				PRODUCT_BUNDLE_IDENTIFIER = com.digis.JarroyoEcomerce;
				PRODUCT_NAME = "$(TARGET_NAME)";
				SWIFT_EMIT_LOC_STRINGS = YES;
				SWIFT_VERSION = 5.0;
				TARGETED_DEVICE_FAMILY = "1,2";
			};
			name = Release;
		};
/* End XCBuildConfiguration section */

/* Begin XCConfigurationList section */
		1639B2B529FC28EC004A6C59 /* Build configuration list for PBXProject "JarroyoEcomerce" */ = {
			isa = XCConfigurationList;
			buildConfigurations = (
				1639B2CC29FC28F0004A6C59 /* Debug */,
				1639B2CD29FC28F0004A6C59 /* Release */,
			);
			defaultConfigurationIsVisible = 0;
			defaultConfigurationName = Release;
		};
		1639B2CE29FC28F0004A6C59 /* Build configuration list for PBXNativeTarget "JarroyoEcomerce" */ = {
			isa = XCConfigurationList;
			buildConfigurations = (
				1639B2CF29FC28F0004A6C59 /* Debug */,
				1639B2D029FC28F0004A6C59 /* Release */,
			);
			defaultConfigurationIsVisible = 0;
			defaultConfigurationName = Release;
		};
/* End XCConfigurationList section */

/* Begin XCRemoteSwiftPackageReference section */
		16A717062A18284900336E4C /* XCRemoteSwiftPackageReference "firebase-ios-sdk" */ = {
			isa = XCRemoteSwiftPackageReference;
			repositoryURL = "https://github.com/firebase/firebase-ios-sdk.git";
			requirement = {
				kind = upToNextMajorVersion;
				minimumVersion = 9.0.0;
			};
		};
/* End XCRemoteSwiftPackageReference section */

/* Begin XCSwiftPackageProductDependency section */
		16A717072A18284900336E4C /* FirebaseAuth */ = {
			isa = XCSwiftPackageProductDependency;
			package = 16A717062A18284900336E4C /* XCRemoteSwiftPackageReference "firebase-ios-sdk" */;
			productName = FirebaseAuth;
		};
		16A717092A18284900336E4C /* FirebaseCrashlytics */ = {
			isa = XCSwiftPackageProductDependency;
			package = 16A717062A18284900336E4C /* XCRemoteSwiftPackageReference "firebase-ios-sdk" */;
			productName = FirebaseCrashlytics;
		};
		16A7170B2A18284900336E4C /* FirebaseStorage */ = {
			isa = XCSwiftPackageProductDependency;
			package = 16A717062A18284900336E4C /* XCRemoteSwiftPackageReference "firebase-ios-sdk" */;
			productName = FirebaseStorage;
		};
/* End XCSwiftPackageProductDependency section */
	};
	rootObject = 1639B2B229FC28EC004A6C59 /* Project object */;
}
